
Microsoft Visual Studio Solution File, Format Version 12.00
# Visual Studio 15
VisualStudioVersion = 15.0.27004.2002
MinimumVisualStudioVersion = 10.0.40219.1
Project("{FAE04EC0-301F-11D3-BF4B-00C04F79EFBC}") = "Pa", "src\Pa\Pa.csproj", "{C4347409-EFA4-47A0-AEF9-B6BB2378B1E5}"
	ProjectSection(ProjectDependencies) = postProject
		{87F94FCC-BC32-4203-A919-115F4FF43FF0} = {87F94FCC-BC32-4203-A919-115F4FF43FF0}
	EndProjectSection
EndProject
Project("{FAE04EC0-301F-11D3-BF4B-00C04F79EFBC}") = "SilTools", "src\SilTools\SilTools.csproj", "{87F94FCC-BC32-4203-A919-115F4FF43FF0}"
EndProject
Project("{FAE04EC0-301F-11D3-BF4B-00C04F79EFBC}") = "PaToFdoInterfaces", "src\PaToFdoInterfaces\PaToFdoInterfaces.csproj", "{5540C524-713E-4842-BD59-35D5EA6A60C6}"
EndProject
Project("{FAE04EC0-301F-11D3-BF4B-00C04F79EFBC}") = "PaTests", "src\PaTests\PaTests.csproj", "{B73CA343-F420-404F-A124-42AFF4BF38C6}"
EndProject
Project("{FAE04EC0-301F-11D3-BF4B-00C04F79EFBC}") = "PaPortable.Android", "PaPortable\PaPortable.Android\PaPortable.Android.csproj", "{5335D016-DA57-4082-8D53-5DDB22D49A7C}"
EndProject
Project("{FAE04EC0-301F-11D3-BF4B-00C04F79EFBC}") = "PaPortable", "PaPortable\PaPortable\PaPortable.csproj", "{7BD60572-DF37-43EA-80C9-ED55DAADED4A}"
EndProject
Project("{FAE04EC0-301F-11D3-BF4B-00C04F79EFBC}") = "PaPortable.iOS", "PaPortable\PaPortable.iOS\PaPortable.iOS.csproj", "{DC86AD09-462D-45B5-A7B0-DB373710C9EA}"
EndProject
Project("{FAE04EC0-301F-11D3-BF4B-00C04F79EFBC}") = "WindowsFormsApp1", "WindowsFormsApp1\WindowsFormsApp1.csproj", "{98CD94A1-ED65-44F3-9A19-CD95A754BA8F}"
EndProject
Global
	GlobalSection(SolutionConfigurationPlatforms) = preSolution
		Ad-Hoc|Any CPU = Ad-Hoc|Any CPU
		Ad-Hoc|ARM = Ad-Hoc|ARM
		Ad-Hoc|iPhone = Ad-Hoc|iPhone
		Ad-Hoc|iPhoneSimulator = Ad-Hoc|iPhoneSimulator
		Ad-Hoc|Mixed Platforms = Ad-Hoc|Mixed Platforms
		Ad-Hoc|x64 = Ad-Hoc|x64
		Ad-Hoc|x86 = Ad-Hoc|x86
		AppStore|Any CPU = AppStore|Any CPU
		AppStore|ARM = AppStore|ARM
		AppStore|iPhone = AppStore|iPhone
		AppStore|iPhoneSimulator = AppStore|iPhoneSimulator
		AppStore|Mixed Platforms = AppStore|Mixed Platforms
		AppStore|x64 = AppStore|x64
		AppStore|x86 = AppStore|x86
		Debug|Any CPU = Debug|Any CPU
		Debug|ARM = Debug|ARM
		Debug|iPhone = Debug|iPhone
		Debug|iPhoneSimulator = Debug|iPhoneSimulator
		Debug|Mixed Platforms = Debug|Mixed Platforms
		Debug|x64 = Debug|x64
		Debug|x86 = Debug|x86
		Debug-Linux|Any CPU = Debug-Linux|Any CPU
		Debug-Linux|ARM = Debug-Linux|ARM
		Debug-Linux|iPhone = Debug-Linux|iPhone
		Debug-Linux|iPhoneSimulator = Debug-Linux|iPhoneSimulator
		Debug-Linux|Mixed Platforms = Debug-Linux|Mixed Platforms
		Debug-Linux|x64 = Debug-Linux|x64
		Debug-Linux|x86 = Debug-Linux|x86
		Debug-Windows|Any CPU = Debug-Windows|Any CPU
		Debug-Windows|ARM = Debug-Windows|ARM
		Debug-Windows|iPhone = Debug-Windows|iPhone
		Debug-Windows|iPhoneSimulator = Debug-Windows|iPhoneSimulator
		Debug-Windows|Mixed Platforms = Debug-Windows|Mixed Platforms
		Debug-Windows|x64 = Debug-Windows|x64
		Debug-Windows|x86 = Debug-Windows|x86
		Release|Any CPU = Release|Any CPU
		Release|ARM = Release|ARM
		Release|iPhone = Release|iPhone
		Release|iPhoneSimulator = Release|iPhoneSimulator
		Release|Mixed Platforms = Release|Mixed Platforms
		Release|x64 = Release|x64
		Release|x86 = Release|x86
		Release-Linux|Any CPU = Release-Linux|Any CPU
		Release-Linux|ARM = Release-Linux|ARM
		Release-Linux|iPhone = Release-Linux|iPhone
		Release-Linux|iPhoneSimulator = Release-Linux|iPhoneSimulator
		Release-Linux|Mixed Platforms = Release-Linux|Mixed Platforms
		Release-Linux|x64 = Release-Linux|x64
		Release-Linux|x86 = Release-Linux|x86
		Release-Windows|Any CPU = Release-Windows|Any CPU
		Release-Windows|ARM = Release-Windows|ARM
		Release-Windows|iPhone = Release-Windows|iPhone
		Release-Windows|iPhoneSimulator = Release-Windows|iPhoneSimulator
		Release-Windows|Mixed Platforms = Release-Windows|Mixed Platforms
		Release-Windows|x64 = Release-Windows|x64
		Release-Windows|x86 = Release-Windows|x86
	EndGlobalSection
	GlobalSection(ProjectConfigurationPlatforms) = postSolution
		{C4347409-EFA4-47A0-AEF9-B6BB2378B1E5}.Ad-Hoc|Any CPU.ActiveCfg = Release-Windows|Any CPU
		{C4347409-EFA4-47A0-AEF9-B6BB2378B1E5}.Ad-Hoc|Any CPU.Build.0 = Release-Windows|Any CPU
		{C4347409-EFA4-47A0-AEF9-B6BB2378B1E5}.Ad-Hoc|ARM.ActiveCfg = Debug-Linux|Any CPU
		{C4347409-EFA4-47A0-AEF9-B6BB2378B1E5}.Ad-Hoc|ARM.Build.0 = Debug-Linux|Any CPU
		{C4347409-EFA4-47A0-AEF9-B6BB2378B1E5}.Ad-Hoc|iPhone.ActiveCfg = Release-Windows|Any CPU
		{C4347409-EFA4-47A0-AEF9-B6BB2378B1E5}.Ad-Hoc|iPhone.Build.0 = Release-Windows|Any CPU
		{C4347409-EFA4-47A0-AEF9-B6BB2378B1E5}.Ad-Hoc|iPhoneSimulator.ActiveCfg = Release-Windows|Any CPU
		{C4347409-EFA4-47A0-AEF9-B6BB2378B1E5}.Ad-Hoc|iPhoneSimulator.Build.0 = Release-Windows|Any CPU
		{C4347409-EFA4-47A0-AEF9-B6BB2378B1E5}.Ad-Hoc|Mixed Platforms.ActiveCfg = Release-Windows|x86
		{C4347409-EFA4-47A0-AEF9-B6BB2378B1E5}.Ad-Hoc|Mixed Platforms.Build.0 = Release-Windows|x86
		{C4347409-EFA4-47A0-AEF9-B6BB2378B1E5}.Ad-Hoc|x64.ActiveCfg = Debug-Linux|Any CPU
		{C4347409-EFA4-47A0-AEF9-B6BB2378B1E5}.Ad-Hoc|x64.Build.0 = Debug-Linux|Any CPU
		{C4347409-EFA4-47A0-AEF9-B6BB2378B1E5}.Ad-Hoc|x86.ActiveCfg = Release-Windows|x86
		{C4347409-EFA4-47A0-AEF9-B6BB2378B1E5}.Ad-Hoc|x86.Build.0 = Release-Windows|x86
		{C4347409-EFA4-47A0-AEF9-B6BB2378B1E5}.AppStore|Any CPU.ActiveCfg = Release-Windows|Any CPU
		{C4347409-EFA4-47A0-AEF9-B6BB2378B1E5}.AppStore|Any CPU.Build.0 = Release-Windows|Any CPU
		{C4347409-EFA4-47A0-AEF9-B6BB2378B1E5}.AppStore|ARM.ActiveCfg = Debug-Linux|Any CPU
		{C4347409-EFA4-47A0-AEF9-B6BB2378B1E5}.AppStore|ARM.Build.0 = Debug-Linux|Any CPU
		{C4347409-EFA4-47A0-AEF9-B6BB2378B1E5}.AppStore|iPhone.ActiveCfg = Release-Windows|Any CPU
		{C4347409-EFA4-47A0-AEF9-B6BB2378B1E5}.AppStore|iPhone.Build.0 = Release-Windows|Any CPU
		{C4347409-EFA4-47A0-AEF9-B6BB2378B1E5}.AppStore|iPhoneSimulator.ActiveCfg = Release-Windows|Any CPU
		{C4347409-EFA4-47A0-AEF9-B6BB2378B1E5}.AppStore|iPhoneSimulator.Build.0 = Release-Windows|Any CPU
		{C4347409-EFA4-47A0-AEF9-B6BB2378B1E5}.AppStore|Mixed Platforms.ActiveCfg = Release-Windows|x86
		{C4347409-EFA4-47A0-AEF9-B6BB2378B1E5}.AppStore|Mixed Platforms.Build.0 = Release-Windows|x86
		{C4347409-EFA4-47A0-AEF9-B6BB2378B1E5}.AppStore|x64.ActiveCfg = Debug-Linux|Any CPU
		{C4347409-EFA4-47A0-AEF9-B6BB2378B1E5}.AppStore|x64.Build.0 = Debug-Linux|Any CPU
		{C4347409-EFA4-47A0-AEF9-B6BB2378B1E5}.AppStore|x86.ActiveCfg = Release-Windows|x86
		{C4347409-EFA4-47A0-AEF9-B6BB2378B1E5}.AppStore|x86.Build.0 = Release-Windows|x86
		{C4347409-EFA4-47A0-AEF9-B6BB2378B1E5}.Debug|Any CPU.ActiveCfg = Debug-Windows|Any CPU
		{C4347409-EFA4-47A0-AEF9-B6BB2378B1E5}.Debug|Any CPU.Build.0 = Debug-Windows|Any CPU
		{C4347409-EFA4-47A0-AEF9-B6BB2378B1E5}.Debug|ARM.ActiveCfg = Debug-Linux|Any CPU
		{C4347409-EFA4-47A0-AEF9-B6BB2378B1E5}.Debug|ARM.Build.0 = Debug-Linux|Any CPU
		{C4347409-EFA4-47A0-AEF9-B6BB2378B1E5}.Debug|iPhone.ActiveCfg = Debug-Linux|Any CPU
		{C4347409-EFA4-47A0-AEF9-B6BB2378B1E5}.Debug|iPhone.Build.0 = Debug-Linux|Any CPU
		{C4347409-EFA4-47A0-AEF9-B6BB2378B1E5}.Debug|iPhoneSimulator.ActiveCfg = Debug-Linux|Any CPU
		{C4347409-EFA4-47A0-AEF9-B6BB2378B1E5}.Debug|iPhoneSimulator.Build.0 = Debug-Linux|Any CPU
		{C4347409-EFA4-47A0-AEF9-B6BB2378B1E5}.Debug|Mixed Platforms.ActiveCfg = Debug-Windows|x86
		{C4347409-EFA4-47A0-AEF9-B6BB2378B1E5}.Debug|Mixed Platforms.Build.0 = Debug-Windows|x86
		{C4347409-EFA4-47A0-AEF9-B6BB2378B1E5}.Debug|x64.ActiveCfg = Debug-Linux|Any CPU
		{C4347409-EFA4-47A0-AEF9-B6BB2378B1E5}.Debug|x64.Build.0 = Debug-Linux|Any CPU
		{C4347409-EFA4-47A0-AEF9-B6BB2378B1E5}.Debug|x86.ActiveCfg = Debug-Windows|x86
		{C4347409-EFA4-47A0-AEF9-B6BB2378B1E5}.Debug|x86.Build.0 = Debug-Windows|x86
		{C4347409-EFA4-47A0-AEF9-B6BB2378B1E5}.Debug-Linux|Any CPU.ActiveCfg = Debug-Linux|Any CPU
		{C4347409-EFA4-47A0-AEF9-B6BB2378B1E5}.Debug-Linux|Any CPU.Build.0 = Debug-Linux|Any CPU
		{C4347409-EFA4-47A0-AEF9-B6BB2378B1E5}.Debug-Linux|ARM.ActiveCfg = Debug-Linux|Any CPU
		{C4347409-EFA4-47A0-AEF9-B6BB2378B1E5}.Debug-Linux|ARM.Build.0 = Debug-Linux|Any CPU
		{C4347409-EFA4-47A0-AEF9-B6BB2378B1E5}.Debug-Linux|iPhone.ActiveCfg = Debug-Linux|Any CPU
		{C4347409-EFA4-47A0-AEF9-B6BB2378B1E5}.Debug-Linux|iPhone.Build.0 = Debug-Linux|Any CPU
		{C4347409-EFA4-47A0-AEF9-B6BB2378B1E5}.Debug-Linux|iPhoneSimulator.ActiveCfg = Debug-Linux|Any CPU
		{C4347409-EFA4-47A0-AEF9-B6BB2378B1E5}.Debug-Linux|iPhoneSimulator.Build.0 = Debug-Linux|Any CPU
		{C4347409-EFA4-47A0-AEF9-B6BB2378B1E5}.Debug-Linux|Mixed Platforms.ActiveCfg = Debug-Linux|Any CPU
		{C4347409-EFA4-47A0-AEF9-B6BB2378B1E5}.Debug-Linux|Mixed Platforms.Build.0 = Debug-Linux|Any CPU
		{C4347409-EFA4-47A0-AEF9-B6BB2378B1E5}.Debug-Linux|x64.ActiveCfg = Debug-Linux|Any CPU
		{C4347409-EFA4-47A0-AEF9-B6BB2378B1E5}.Debug-Linux|x64.Build.0 = Debug-Linux|Any CPU
		{C4347409-EFA4-47A0-AEF9-B6BB2378B1E5}.Debug-Linux|x86.ActiveCfg = Debug-Linux|x86
		{C4347409-EFA4-47A0-AEF9-B6BB2378B1E5}.Debug-Linux|x86.Build.0 = Debug-Linux|x86
		{C4347409-EFA4-47A0-AEF9-B6BB2378B1E5}.Debug-Windows|Any CPU.ActiveCfg = Debug-Windows|Any CPU
		{C4347409-EFA4-47A0-AEF9-B6BB2378B1E5}.Debug-Windows|Any CPU.Build.0 = Debug-Windows|Any CPU
		{C4347409-EFA4-47A0-AEF9-B6BB2378B1E5}.Debug-Windows|ARM.ActiveCfg = Debug-Windows|Any CPU
		{C4347409-EFA4-47A0-AEF9-B6BB2378B1E5}.Debug-Windows|ARM.Build.0 = Debug-Windows|Any CPU
		{C4347409-EFA4-47A0-AEF9-B6BB2378B1E5}.Debug-Windows|iPhone.ActiveCfg = Debug-Windows|Any CPU
		{C4347409-EFA4-47A0-AEF9-B6BB2378B1E5}.Debug-Windows|iPhone.Build.0 = Debug-Windows|Any CPU
		{C4347409-EFA4-47A0-AEF9-B6BB2378B1E5}.Debug-Windows|iPhoneSimulator.ActiveCfg = Debug-Windows|Any CPU
		{C4347409-EFA4-47A0-AEF9-B6BB2378B1E5}.Debug-Windows|iPhoneSimulator.Build.0 = Debug-Windows|Any CPU
		{C4347409-EFA4-47A0-AEF9-B6BB2378B1E5}.Debug-Windows|Mixed Platforms.ActiveCfg = Debug-Windows|Any CPU
		{C4347409-EFA4-47A0-AEF9-B6BB2378B1E5}.Debug-Windows|Mixed Platforms.Build.0 = Debug-Windows|Any CPU
		{C4347409-EFA4-47A0-AEF9-B6BB2378B1E5}.Debug-Windows|x64.ActiveCfg = Debug-Windows|Any CPU
		{C4347409-EFA4-47A0-AEF9-B6BB2378B1E5}.Debug-Windows|x64.Build.0 = Debug-Windows|Any CPU
		{C4347409-EFA4-47A0-AEF9-B6BB2378B1E5}.Debug-Windows|x86.ActiveCfg = Debug-Windows|x86
		{C4347409-EFA4-47A0-AEF9-B6BB2378B1E5}.Debug-Windows|x86.Build.0 = Debug-Windows|x86
		{C4347409-EFA4-47A0-AEF9-B6BB2378B1E5}.Release|Any CPU.ActiveCfg = Release-Windows|Any CPU
		{C4347409-EFA4-47A0-AEF9-B6BB2378B1E5}.Release|Any CPU.Build.0 = Release-Windows|Any CPU
		{C4347409-EFA4-47A0-AEF9-B6BB2378B1E5}.Release|ARM.ActiveCfg = Release-Windows|Any CPU
		{C4347409-EFA4-47A0-AEF9-B6BB2378B1E5}.Release|ARM.Build.0 = Release-Windows|Any CPU
		{C4347409-EFA4-47A0-AEF9-B6BB2378B1E5}.Release|iPhone.ActiveCfg = Release-Windows|Any CPU
		{C4347409-EFA4-47A0-AEF9-B6BB2378B1E5}.Release|iPhone.Build.0 = Release-Windows|Any CPU
		{C4347409-EFA4-47A0-AEF9-B6BB2378B1E5}.Release|iPhoneSimulator.ActiveCfg = Release-Windows|Any CPU
		{C4347409-EFA4-47A0-AEF9-B6BB2378B1E5}.Release|iPhoneSimulator.Build.0 = Release-Windows|Any CPU
		{C4347409-EFA4-47A0-AEF9-B6BB2378B1E5}.Release|Mixed Platforms.ActiveCfg = Release-Windows|x86
		{C4347409-EFA4-47A0-AEF9-B6BB2378B1E5}.Release|Mixed Platforms.Build.0 = Release-Windows|x86
		{C4347409-EFA4-47A0-AEF9-B6BB2378B1E5}.Release|x64.ActiveCfg = Release-Windows|Any CPU
		{C4347409-EFA4-47A0-AEF9-B6BB2378B1E5}.Release|x64.Build.0 = Release-Windows|Any CPU
		{C4347409-EFA4-47A0-AEF9-B6BB2378B1E5}.Release|x86.ActiveCfg = Release-Windows|x86
		{C4347409-EFA4-47A0-AEF9-B6BB2378B1E5}.Release|x86.Build.0 = Release-Windows|x86
		{C4347409-EFA4-47A0-AEF9-B6BB2378B1E5}.Release-Linux|Any CPU.ActiveCfg = Release-Windows|Any CPU
		{C4347409-EFA4-47A0-AEF9-B6BB2378B1E5}.Release-Linux|Any CPU.Build.0 = Release-Windows|Any CPU
		{C4347409-EFA4-47A0-AEF9-B6BB2378B1E5}.Release-Linux|ARM.ActiveCfg = Release-Windows|Any CPU
		{C4347409-EFA4-47A0-AEF9-B6BB2378B1E5}.Release-Linux|ARM.Build.0 = Release-Windows|Any CPU
		{C4347409-EFA4-47A0-AEF9-B6BB2378B1E5}.Release-Linux|iPhone.ActiveCfg = Release-Windows|Any CPU
		{C4347409-EFA4-47A0-AEF9-B6BB2378B1E5}.Release-Linux|iPhone.Build.0 = Release-Windows|Any CPU
		{C4347409-EFA4-47A0-AEF9-B6BB2378B1E5}.Release-Linux|iPhoneSimulator.ActiveCfg = Release-Windows|Any CPU
		{C4347409-EFA4-47A0-AEF9-B6BB2378B1E5}.Release-Linux|iPhoneSimulator.Build.0 = Release-Windows|Any CPU
		{C4347409-EFA4-47A0-AEF9-B6BB2378B1E5}.Release-Linux|Mixed Platforms.ActiveCfg = Release-Windows|Any CPU
		{C4347409-EFA4-47A0-AEF9-B6BB2378B1E5}.Release-Linux|Mixed Platforms.Build.0 = Release-Windows|Any CPU
		{C4347409-EFA4-47A0-AEF9-B6BB2378B1E5}.Release-Linux|x64.ActiveCfg = Release-Windows|Any CPU
		{C4347409-EFA4-47A0-AEF9-B6BB2378B1E5}.Release-Linux|x64.Build.0 = Release-Windows|Any CPU
		{C4347409-EFA4-47A0-AEF9-B6BB2378B1E5}.Release-Linux|x86.ActiveCfg = Release-Windows|x86
		{C4347409-EFA4-47A0-AEF9-B6BB2378B1E5}.Release-Linux|x86.Build.0 = Release-Windows|x86
		{C4347409-EFA4-47A0-AEF9-B6BB2378B1E5}.Release-Windows|Any CPU.ActiveCfg = Release-Windows|Any CPU
		{C4347409-EFA4-47A0-AEF9-B6BB2378B1E5}.Release-Windows|Any CPU.Build.0 = Release-Windows|Any CPU
		{C4347409-EFA4-47A0-AEF9-B6BB2378B1E5}.Release-Windows|ARM.ActiveCfg = Release-Windows|Any CPU
		{C4347409-EFA4-47A0-AEF9-B6BB2378B1E5}.Release-Windows|ARM.Build.0 = Release-Windows|Any CPU
		{C4347409-EFA4-47A0-AEF9-B6BB2378B1E5}.Release-Windows|iPhone.ActiveCfg = Release-Windows|Any CPU
		{C4347409-EFA4-47A0-AEF9-B6BB2378B1E5}.Release-Windows|iPhone.Build.0 = Release-Windows|Any CPU
		{C4347409-EFA4-47A0-AEF9-B6BB2378B1E5}.Release-Windows|iPhoneSimulator.ActiveCfg = Release-Windows|Any CPU
		{C4347409-EFA4-47A0-AEF9-B6BB2378B1E5}.Release-Windows|iPhoneSimulator.Build.0 = Release-Windows|Any CPU
		{C4347409-EFA4-47A0-AEF9-B6BB2378B1E5}.Release-Windows|Mixed Platforms.ActiveCfg = Release-Windows|Any CPU
		{C4347409-EFA4-47A0-AEF9-B6BB2378B1E5}.Release-Windows|Mixed Platforms.Build.0 = Release-Windows|Any CPU
		{C4347409-EFA4-47A0-AEF9-B6BB2378B1E5}.Release-Windows|x64.ActiveCfg = Release-Windows|Any CPU
		{C4347409-EFA4-47A0-AEF9-B6BB2378B1E5}.Release-Windows|x64.Build.0 = Release-Windows|Any CPU
		{C4347409-EFA4-47A0-AEF9-B6BB2378B1E5}.Release-Windows|x86.ActiveCfg = Release-Windows|x86
		{C4347409-EFA4-47A0-AEF9-B6BB2378B1E5}.Release-Windows|x86.Build.0 = Release-Windows|x86
		{87F94FCC-BC32-4203-A919-115F4FF43FF0}.Ad-Hoc|Any CPU.ActiveCfg = Release-Windows|Any CPU
		{87F94FCC-BC32-4203-A919-115F4FF43FF0}.Ad-Hoc|Any CPU.Build.0 = Release-Windows|Any CPU
		{87F94FCC-BC32-4203-A919-115F4FF43FF0}.Ad-Hoc|ARM.ActiveCfg = Debug-Linux|Any CPU
		{87F94FCC-BC32-4203-A919-115F4FF43FF0}.Ad-Hoc|ARM.Build.0 = Debug-Linux|Any CPU
		{87F94FCC-BC32-4203-A919-115F4FF43FF0}.Ad-Hoc|iPhone.ActiveCfg = Release-Windows|Any CPU
		{87F94FCC-BC32-4203-A919-115F4FF43FF0}.Ad-Hoc|iPhone.Build.0 = Release-Windows|Any CPU
		{87F94FCC-BC32-4203-A919-115F4FF43FF0}.Ad-Hoc|iPhoneSimulator.ActiveCfg = Release-Windows|Any CPU
		{87F94FCC-BC32-4203-A919-115F4FF43FF0}.Ad-Hoc|iPhoneSimulator.Build.0 = Release-Windows|Any CPU
		{87F94FCC-BC32-4203-A919-115F4FF43FF0}.Ad-Hoc|Mixed Platforms.ActiveCfg = Release-Windows|x86
		{87F94FCC-BC32-4203-A919-115F4FF43FF0}.Ad-Hoc|Mixed Platforms.Build.0 = Release-Windows|x86
		{87F94FCC-BC32-4203-A919-115F4FF43FF0}.Ad-Hoc|x64.ActiveCfg = Debug-Linux|Any CPU
		{87F94FCC-BC32-4203-A919-115F4FF43FF0}.Ad-Hoc|x64.Build.0 = Debug-Linux|Any CPU
		{87F94FCC-BC32-4203-A919-115F4FF43FF0}.Ad-Hoc|x86.ActiveCfg = Release-Windows|x86
		{87F94FCC-BC32-4203-A919-115F4FF43FF0}.Ad-Hoc|x86.Build.0 = Release-Windows|x86
		{87F94FCC-BC32-4203-A919-115F4FF43FF0}.AppStore|Any CPU.ActiveCfg = Release-Windows|Any CPU
		{87F94FCC-BC32-4203-A919-115F4FF43FF0}.AppStore|Any CPU.Build.0 = Release-Windows|Any CPU
		{87F94FCC-BC32-4203-A919-115F4FF43FF0}.AppStore|ARM.ActiveCfg = Debug-Linux|Any CPU
		{87F94FCC-BC32-4203-A919-115F4FF43FF0}.AppStore|ARM.Build.0 = Debug-Linux|Any CPU
		{87F94FCC-BC32-4203-A919-115F4FF43FF0}.AppStore|iPhone.ActiveCfg = Release-Windows|Any CPU
		{87F94FCC-BC32-4203-A919-115F4FF43FF0}.AppStore|iPhone.Build.0 = Release-Windows|Any CPU
		{87F94FCC-BC32-4203-A919-115F4FF43FF0}.AppStore|iPhoneSimulator.ActiveCfg = Release-Windows|Any CPU
		{87F94FCC-BC32-4203-A919-115F4FF43FF0}.AppStore|iPhoneSimulator.Build.0 = Release-Windows|Any CPU
		{87F94FCC-BC32-4203-A919-115F4FF43FF0}.AppStore|Mixed Platforms.ActiveCfg = Release-Windows|x86
		{87F94FCC-BC32-4203-A919-115F4FF43FF0}.AppStore|Mixed Platforms.Build.0 = Release-Windows|x86
		{87F94FCC-BC32-4203-A919-115F4FF43FF0}.AppStore|x64.ActiveCfg = Debug-Linux|Any CPU
		{87F94FCC-BC32-4203-A919-115F4FF43FF0}.AppStore|x64.Build.0 = Debug-Linux|Any CPU
		{87F94FCC-BC32-4203-A919-115F4FF43FF0}.AppStore|x86.ActiveCfg = Release-Windows|x86
		{87F94FCC-BC32-4203-A919-115F4FF43FF0}.AppStore|x86.Build.0 = Release-Windows|x86
		{87F94FCC-BC32-4203-A919-115F4FF43FF0}.Debug|Any CPU.ActiveCfg = Debug-Windows|Any CPU
		{87F94FCC-BC32-4203-A919-115F4FF43FF0}.Debug|Any CPU.Build.0 = Debug-Windows|Any CPU
		{87F94FCC-BC32-4203-A919-115F4FF43FF0}.Debug|ARM.ActiveCfg = Debug-Linux|Any CPU
		{87F94FCC-BC32-4203-A919-115F4FF43FF0}.Debug|ARM.Build.0 = Debug-Linux|Any CPU
		{87F94FCC-BC32-4203-A919-115F4FF43FF0}.Debug|iPhone.ActiveCfg = Debug-Linux|Any CPU
		{87F94FCC-BC32-4203-A919-115F4FF43FF0}.Debug|iPhone.Build.0 = Debug-Linux|Any CPU
		{87F94FCC-BC32-4203-A919-115F4FF43FF0}.Debug|iPhoneSimulator.ActiveCfg = Debug-Linux|Any CPU
		{87F94FCC-BC32-4203-A919-115F4FF43FF0}.Debug|iPhoneSimulator.Build.0 = Debug-Linux|Any CPU
		{87F94FCC-BC32-4203-A919-115F4FF43FF0}.Debug|Mixed Platforms.ActiveCfg = Debug-Windows|x86
		{87F94FCC-BC32-4203-A919-115F4FF43FF0}.Debug|Mixed Platforms.Build.0 = Debug-Windows|x86
		{87F94FCC-BC32-4203-A919-115F4FF43FF0}.Debug|x64.ActiveCfg = Debug-Linux|Any CPU
		{87F94FCC-BC32-4203-A919-115F4FF43FF0}.Debug|x64.Build.0 = Debug-Linux|Any CPU
		{87F94FCC-BC32-4203-A919-115F4FF43FF0}.Debug|x86.ActiveCfg = Debug-Windows|x86
		{87F94FCC-BC32-4203-A919-115F4FF43FF0}.Debug|x86.Build.0 = Debug-Windows|x86
		{87F94FCC-BC32-4203-A919-115F4FF43FF0}.Debug-Linux|Any CPU.ActiveCfg = Debug-Linux|Any CPU
		{87F94FCC-BC32-4203-A919-115F4FF43FF0}.Debug-Linux|Any CPU.Build.0 = Debug-Linux|Any CPU
		{87F94FCC-BC32-4203-A919-115F4FF43FF0}.Debug-Linux|ARM.ActiveCfg = Debug-Linux|Any CPU
		{87F94FCC-BC32-4203-A919-115F4FF43FF0}.Debug-Linux|ARM.Build.0 = Debug-Linux|Any CPU
		{87F94FCC-BC32-4203-A919-115F4FF43FF0}.Debug-Linux|iPhone.ActiveCfg = Debug-Linux|Any CPU
		{87F94FCC-BC32-4203-A919-115F4FF43FF0}.Debug-Linux|iPhone.Build.0 = Debug-Linux|Any CPU
		{87F94FCC-BC32-4203-A919-115F4FF43FF0}.Debug-Linux|iPhoneSimulator.ActiveCfg = Debug-Linux|Any CPU
		{87F94FCC-BC32-4203-A919-115F4FF43FF0}.Debug-Linux|iPhoneSimulator.Build.0 = Debug-Linux|Any CPU
		{87F94FCC-BC32-4203-A919-115F4FF43FF0}.Debug-Linux|Mixed Platforms.ActiveCfg = Debug-Linux|Any CPU
		{87F94FCC-BC32-4203-A919-115F4FF43FF0}.Debug-Linux|Mixed Platforms.Build.0 = Debug-Linux|Any CPU
		{87F94FCC-BC32-4203-A919-115F4FF43FF0}.Debug-Linux|x64.ActiveCfg = Debug-Linux|Any CPU
		{87F94FCC-BC32-4203-A919-115F4FF43FF0}.Debug-Linux|x64.Build.0 = Debug-Linux|Any CPU
		{87F94FCC-BC32-4203-A919-115F4FF43FF0}.Debug-Linux|x86.ActiveCfg = Debug-Linux|x86
		{87F94FCC-BC32-4203-A919-115F4FF43FF0}.Debug-Linux|x86.Build.0 = Debug-Linux|x86
		{87F94FCC-BC32-4203-A919-115F4FF43FF0}.Debug-Windows|Any CPU.ActiveCfg = Debug-Windows|Any CPU
		{87F94FCC-BC32-4203-A919-115F4FF43FF0}.Debug-Windows|Any CPU.Build.0 = Debug-Windows|Any CPU
		{87F94FCC-BC32-4203-A919-115F4FF43FF0}.Debug-Windows|ARM.ActiveCfg = Debug-Windows|Any CPU
		{87F94FCC-BC32-4203-A919-115F4FF43FF0}.Debug-Windows|ARM.Build.0 = Debug-Windows|Any CPU
		{87F94FCC-BC32-4203-A919-115F4FF43FF0}.Debug-Windows|iPhone.ActiveCfg = Debug-Windows|Any CPU
		{87F94FCC-BC32-4203-A919-115F4FF43FF0}.Debug-Windows|iPhone.Build.0 = Debug-Windows|Any CPU
		{87F94FCC-BC32-4203-A919-115F4FF43FF0}.Debug-Windows|iPhoneSimulator.ActiveCfg = Debug-Windows|Any CPU
		{87F94FCC-BC32-4203-A919-115F4FF43FF0}.Debug-Windows|iPhoneSimulator.Build.0 = Debug-Windows|Any CPU
		{87F94FCC-BC32-4203-A919-115F4FF43FF0}.Debug-Windows|Mixed Platforms.ActiveCfg = Debug-Windows|Any CPU
		{87F94FCC-BC32-4203-A919-115F4FF43FF0}.Debug-Windows|Mixed Platforms.Build.0 = Debug-Windows|Any CPU
		{87F94FCC-BC32-4203-A919-115F4FF43FF0}.Debug-Windows|x64.ActiveCfg = Debug-Windows|Any CPU
		{87F94FCC-BC32-4203-A919-115F4FF43FF0}.Debug-Windows|x64.Build.0 = Debug-Windows|Any CPU
		{87F94FCC-BC32-4203-A919-115F4FF43FF0}.Debug-Windows|x86.ActiveCfg = Debug-Windows|x86
		{87F94FCC-BC32-4203-A919-115F4FF43FF0}.Debug-Windows|x86.Build.0 = Debug-Windows|x86
		{87F94FCC-BC32-4203-A919-115F4FF43FF0}.Release|Any CPU.ActiveCfg = Release-Windows|Any CPU
		{87F94FCC-BC32-4203-A919-115F4FF43FF0}.Release|Any CPU.Build.0 = Release-Windows|Any CPU
		{87F94FCC-BC32-4203-A919-115F4FF43FF0}.Release|ARM.ActiveCfg = Release-Windows|Any CPU
		{87F94FCC-BC32-4203-A919-115F4FF43FF0}.Release|ARM.Build.0 = Release-Windows|Any CPU
		{87F94FCC-BC32-4203-A919-115F4FF43FF0}.Release|iPhone.ActiveCfg = Release-Windows|Any CPU
		{87F94FCC-BC32-4203-A919-115F4FF43FF0}.Release|iPhone.Build.0 = Release-Windows|Any CPU
		{87F94FCC-BC32-4203-A919-115F4FF43FF0}.Release|iPhoneSimulator.ActiveCfg = Release-Windows|Any CPU
		{87F94FCC-BC32-4203-A919-115F4FF43FF0}.Release|iPhoneSimulator.Build.0 = Release-Windows|Any CPU
		{87F94FCC-BC32-4203-A919-115F4FF43FF0}.Release|Mixed Platforms.ActiveCfg = Release-Windows|x86
		{87F94FCC-BC32-4203-A919-115F4FF43FF0}.Release|Mixed Platforms.Build.0 = Release-Windows|x86
		{87F94FCC-BC32-4203-A919-115F4FF43FF0}.Release|x64.ActiveCfg = Release-Windows|Any CPU
		{87F94FCC-BC32-4203-A919-115F4FF43FF0}.Release|x64.Build.0 = Release-Windows|Any CPU
		{87F94FCC-BC32-4203-A919-115F4FF43FF0}.Release|x86.ActiveCfg = Release-Windows|x86
		{87F94FCC-BC32-4203-A919-115F4FF43FF0}.Release|x86.Build.0 = Release-Windows|x86
		{87F94FCC-BC32-4203-A919-115F4FF43FF0}.Release-Linux|Any CPU.ActiveCfg = Release-Windows|Any CPU
		{87F94FCC-BC32-4203-A919-115F4FF43FF0}.Release-Linux|Any CPU.Build.0 = Release-Windows|Any CPU
		{87F94FCC-BC32-4203-A919-115F4FF43FF0}.Release-Linux|ARM.ActiveCfg = Release-Windows|Any CPU
		{87F94FCC-BC32-4203-A919-115F4FF43FF0}.Release-Linux|ARM.Build.0 = Release-Windows|Any CPU
		{87F94FCC-BC32-4203-A919-115F4FF43FF0}.Release-Linux|iPhone.ActiveCfg = Release-Windows|Any CPU
		{87F94FCC-BC32-4203-A919-115F4FF43FF0}.Release-Linux|iPhone.Build.0 = Release-Windows|Any CPU
		{87F94FCC-BC32-4203-A919-115F4FF43FF0}.Release-Linux|iPhoneSimulator.ActiveCfg = Release-Windows|Any CPU
		{87F94FCC-BC32-4203-A919-115F4FF43FF0}.Release-Linux|iPhoneSimulator.Build.0 = Release-Windows|Any CPU
		{87F94FCC-BC32-4203-A919-115F4FF43FF0}.Release-Linux|Mixed Platforms.ActiveCfg = Release-Windows|Any CPU
		{87F94FCC-BC32-4203-A919-115F4FF43FF0}.Release-Linux|Mixed Platforms.Build.0 = Release-Windows|Any CPU
		{87F94FCC-BC32-4203-A919-115F4FF43FF0}.Release-Linux|x64.ActiveCfg = Release-Windows|Any CPU
		{87F94FCC-BC32-4203-A919-115F4FF43FF0}.Release-Linux|x64.Build.0 = Release-Windows|Any CPU
		{87F94FCC-BC32-4203-A919-115F4FF43FF0}.Release-Linux|x86.ActiveCfg = Release-Windows|x86
		{87F94FCC-BC32-4203-A919-115F4FF43FF0}.Release-Linux|x86.Build.0 = Release-Windows|x86
		{87F94FCC-BC32-4203-A919-115F4FF43FF0}.Release-Windows|Any CPU.ActiveCfg = Release-Windows|Any CPU
		{87F94FCC-BC32-4203-A919-115F4FF43FF0}.Release-Windows|Any CPU.Build.0 = Release-Windows|Any CPU
		{87F94FCC-BC32-4203-A919-115F4FF43FF0}.Release-Windows|ARM.ActiveCfg = Release-Windows|Any CPU
		{87F94FCC-BC32-4203-A919-115F4FF43FF0}.Release-Windows|ARM.Build.0 = Release-Windows|Any CPU
		{87F94FCC-BC32-4203-A919-115F4FF43FF0}.Release-Windows|iPhone.ActiveCfg = Release-Windows|Any CPU
		{87F94FCC-BC32-4203-A919-115F4FF43FF0}.Release-Windows|iPhone.Build.0 = Release-Windows|Any CPU
		{87F94FCC-BC32-4203-A919-115F4FF43FF0}.Release-Windows|iPhoneSimulator.ActiveCfg = Release-Windows|Any CPU
		{87F94FCC-BC32-4203-A919-115F4FF43FF0}.Release-Windows|iPhoneSimulator.Build.0 = Release-Windows|Any CPU
		{87F94FCC-BC32-4203-A919-115F4FF43FF0}.Release-Windows|Mixed Platforms.ActiveCfg = Release-Windows|Any CPU
		{87F94FCC-BC32-4203-A919-115F4FF43FF0}.Release-Windows|Mixed Platforms.Build.0 = Release-Windows|Any CPU
		{87F94FCC-BC32-4203-A919-115F4FF43FF0}.Release-Windows|x64.ActiveCfg = Release-Windows|Any CPU
		{87F94FCC-BC32-4203-A919-115F4FF43FF0}.Release-Windows|x64.Build.0 = Release-Windows|Any CPU
		{87F94FCC-BC32-4203-A919-115F4FF43FF0}.Release-Windows|x86.ActiveCfg = Release-Windows|x86
		{87F94FCC-BC32-4203-A919-115F4FF43FF0}.Release-Windows|x86.Build.0 = Release-Windows|x86
		{5540C524-713E-4842-BD59-35D5EA6A60C6}.Ad-Hoc|Any CPU.ActiveCfg = Release-Windows|Any CPU
		{5540C524-713E-4842-BD59-35D5EA6A60C6}.Ad-Hoc|Any CPU.Build.0 = Release-Windows|Any CPU
		{5540C524-713E-4842-BD59-35D5EA6A60C6}.Ad-Hoc|ARM.ActiveCfg = Debug-Linux|Any CPU
		{5540C524-713E-4842-BD59-35D5EA6A60C6}.Ad-Hoc|ARM.Build.0 = Debug-Linux|Any CPU
		{5540C524-713E-4842-BD59-35D5EA6A60C6}.Ad-Hoc|iPhone.ActiveCfg = Release-Windows|Any CPU
		{5540C524-713E-4842-BD59-35D5EA6A60C6}.Ad-Hoc|iPhone.Build.0 = Release-Windows|Any CPU
		{5540C524-713E-4842-BD59-35D5EA6A60C6}.Ad-Hoc|iPhoneSimulator.ActiveCfg = Release-Windows|Any CPU
		{5540C524-713E-4842-BD59-35D5EA6A60C6}.Ad-Hoc|iPhoneSimulator.Build.0 = Release-Windows|Any CPU
		{5540C524-713E-4842-BD59-35D5EA6A60C6}.Ad-Hoc|Mixed Platforms.ActiveCfg = Release-Windows|x86
		{5540C524-713E-4842-BD59-35D5EA6A60C6}.Ad-Hoc|Mixed Platforms.Build.0 = Release-Windows|x86
		{5540C524-713E-4842-BD59-35D5EA6A60C6}.Ad-Hoc|x64.ActiveCfg = Debug-Linux|Any CPU
		{5540C524-713E-4842-BD59-35D5EA6A60C6}.Ad-Hoc|x64.Build.0 = Debug-Linux|Any CPU
		{5540C524-713E-4842-BD59-35D5EA6A60C6}.Ad-Hoc|x86.ActiveCfg = Release-Windows|x86
		{5540C524-713E-4842-BD59-35D5EA6A60C6}.Ad-Hoc|x86.Build.0 = Release-Windows|x86
		{5540C524-713E-4842-BD59-35D5EA6A60C6}.AppStore|Any CPU.ActiveCfg = Release-Windows|Any CPU
		{5540C524-713E-4842-BD59-35D5EA6A60C6}.AppStore|Any CPU.Build.0 = Release-Windows|Any CPU
		{5540C524-713E-4842-BD59-35D5EA6A60C6}.AppStore|ARM.ActiveCfg = Debug-Linux|Any CPU
		{5540C524-713E-4842-BD59-35D5EA6A60C6}.AppStore|ARM.Build.0 = Debug-Linux|Any CPU
		{5540C524-713E-4842-BD59-35D5EA6A60C6}.AppStore|iPhone.ActiveCfg = Release-Windows|Any CPU
		{5540C524-713E-4842-BD59-35D5EA6A60C6}.AppStore|iPhone.Build.0 = Release-Windows|Any CPU
		{5540C524-713E-4842-BD59-35D5EA6A60C6}.AppStore|iPhoneSimulator.ActiveCfg = Release-Windows|Any CPU
		{5540C524-713E-4842-BD59-35D5EA6A60C6}.AppStore|iPhoneSimulator.Build.0 = Release-Windows|Any CPU
		{5540C524-713E-4842-BD59-35D5EA6A60C6}.AppStore|Mixed Platforms.ActiveCfg = Release-Windows|x86
		{5540C524-713E-4842-BD59-35D5EA6A60C6}.AppStore|Mixed Platforms.Build.0 = Release-Windows|x86
		{5540C524-713E-4842-BD59-35D5EA6A60C6}.AppStore|x64.ActiveCfg = Debug-Linux|Any CPU
		{5540C524-713E-4842-BD59-35D5EA6A60C6}.AppStore|x64.Build.0 = Debug-Linux|Any CPU
		{5540C524-713E-4842-BD59-35D5EA6A60C6}.AppStore|x86.ActiveCfg = Release-Windows|x86
		{5540C524-713E-4842-BD59-35D5EA6A60C6}.AppStore|x86.Build.0 = Release-Windows|x86
		{5540C524-713E-4842-BD59-35D5EA6A60C6}.Debug|Any CPU.ActiveCfg = Debug-Windows|Any CPU
		{5540C524-713E-4842-BD59-35D5EA6A60C6}.Debug|Any CPU.Build.0 = Debug-Windows|Any CPU
		{5540C524-713E-4842-BD59-35D5EA6A60C6}.Debug|ARM.ActiveCfg = Debug-Linux|Any CPU
		{5540C524-713E-4842-BD59-35D5EA6A60C6}.Debug|ARM.Build.0 = Debug-Linux|Any CPU
		{5540C524-713E-4842-BD59-35D5EA6A60C6}.Debug|iPhone.ActiveCfg = Debug-Linux|Any CPU
		{5540C524-713E-4842-BD59-35D5EA6A60C6}.Debug|iPhone.Build.0 = Debug-Linux|Any CPU
		{5540C524-713E-4842-BD59-35D5EA6A60C6}.Debug|iPhoneSimulator.ActiveCfg = Debug-Linux|Any CPU
		{5540C524-713E-4842-BD59-35D5EA6A60C6}.Debug|iPhoneSimulator.Build.0 = Debug-Linux|Any CPU
		{5540C524-713E-4842-BD59-35D5EA6A60C6}.Debug|Mixed Platforms.ActiveCfg = Debug-Windows|x86
		{5540C524-713E-4842-BD59-35D5EA6A60C6}.Debug|Mixed Platforms.Build.0 = Debug-Windows|x86
		{5540C524-713E-4842-BD59-35D5EA6A60C6}.Debug|x64.ActiveCfg = Debug-Linux|Any CPU
		{5540C524-713E-4842-BD59-35D5EA6A60C6}.Debug|x64.Build.0 = Debug-Linux|Any CPU
		{5540C524-713E-4842-BD59-35D5EA6A60C6}.Debug|x86.ActiveCfg = Debug-Windows|x86
		{5540C524-713E-4842-BD59-35D5EA6A60C6}.Debug|x86.Build.0 = Debug-Windows|x86
		{5540C524-713E-4842-BD59-35D5EA6A60C6}.Debug-Linux|Any CPU.ActiveCfg = Debug-Linux|Any CPU
		{5540C524-713E-4842-BD59-35D5EA6A60C6}.Debug-Linux|Any CPU.Build.0 = Debug-Linux|Any CPU
		{5540C524-713E-4842-BD59-35D5EA6A60C6}.Debug-Linux|ARM.ActiveCfg = Debug-Linux|Any CPU
		{5540C524-713E-4842-BD59-35D5EA6A60C6}.Debug-Linux|ARM.Build.0 = Debug-Linux|Any CPU
		{5540C524-713E-4842-BD59-35D5EA6A60C6}.Debug-Linux|iPhone.ActiveCfg = Debug-Linux|Any CPU
		{5540C524-713E-4842-BD59-35D5EA6A60C6}.Debug-Linux|iPhone.Build.0 = Debug-Linux|Any CPU
		{5540C524-713E-4842-BD59-35D5EA6A60C6}.Debug-Linux|iPhoneSimulator.ActiveCfg = Debug-Linux|Any CPU
		{5540C524-713E-4842-BD59-35D5EA6A60C6}.Debug-Linux|iPhoneSimulator.Build.0 = Debug-Linux|Any CPU
		{5540C524-713E-4842-BD59-35D5EA6A60C6}.Debug-Linux|Mixed Platforms.ActiveCfg = Debug-Linux|Any CPU
		{5540C524-713E-4842-BD59-35D5EA6A60C6}.Debug-Linux|Mixed Platforms.Build.0 = Debug-Linux|Any CPU
		{5540C524-713E-4842-BD59-35D5EA6A60C6}.Debug-Linux|x64.ActiveCfg = Debug-Linux|Any CPU
		{5540C524-713E-4842-BD59-35D5EA6A60C6}.Debug-Linux|x64.Build.0 = Debug-Linux|Any CPU
		{5540C524-713E-4842-BD59-35D5EA6A60C6}.Debug-Linux|x86.ActiveCfg = Debug-Linux|x86
		{5540C524-713E-4842-BD59-35D5EA6A60C6}.Debug-Linux|x86.Build.0 = Debug-Linux|x86
		{5540C524-713E-4842-BD59-35D5EA6A60C6}.Debug-Windows|Any CPU.ActiveCfg = Debug-Windows|Any CPU
		{5540C524-713E-4842-BD59-35D5EA6A60C6}.Debug-Windows|Any CPU.Build.0 = Debug-Windows|Any CPU
		{5540C524-713E-4842-BD59-35D5EA6A60C6}.Debug-Windows|ARM.ActiveCfg = Debug-Windows|Any CPU
		{5540C524-713E-4842-BD59-35D5EA6A60C6}.Debug-Windows|ARM.Build.0 = Debug-Windows|Any CPU
		{5540C524-713E-4842-BD59-35D5EA6A60C6}.Debug-Windows|iPhone.ActiveCfg = Debug-Windows|Any CPU
		{5540C524-713E-4842-BD59-35D5EA6A60C6}.Debug-Windows|iPhone.Build.0 = Debug-Windows|Any CPU
		{5540C524-713E-4842-BD59-35D5EA6A60C6}.Debug-Windows|iPhoneSimulator.ActiveCfg = Debug-Windows|Any CPU
		{5540C524-713E-4842-BD59-35D5EA6A60C6}.Debug-Windows|iPhoneSimulator.Build.0 = Debug-Windows|Any CPU
		{5540C524-713E-4842-BD59-35D5EA6A60C6}.Debug-Windows|Mixed Platforms.ActiveCfg = Debug-Windows|Any CPU
		{5540C524-713E-4842-BD59-35D5EA6A60C6}.Debug-Windows|Mixed Platforms.Build.0 = Debug-Windows|Any CPU
		{5540C524-713E-4842-BD59-35D5EA6A60C6}.Debug-Windows|x64.ActiveCfg = Debug-Windows|Any CPU
		{5540C524-713E-4842-BD59-35D5EA6A60C6}.Debug-Windows|x64.Build.0 = Debug-Windows|Any CPU
		{5540C524-713E-4842-BD59-35D5EA6A60C6}.Debug-Windows|x86.ActiveCfg = Debug-Windows|x86
		{5540C524-713E-4842-BD59-35D5EA6A60C6}.Debug-Windows|x86.Build.0 = Debug-Windows|x86
		{5540C524-713E-4842-BD59-35D5EA6A60C6}.Release|Any CPU.ActiveCfg = Release-Windows|Any CPU
		{5540C524-713E-4842-BD59-35D5EA6A60C6}.Release|Any CPU.Build.0 = Release-Windows|Any CPU
		{5540C524-713E-4842-BD59-35D5EA6A60C6}.Release|ARM.ActiveCfg = Release-Windows|Any CPU
		{5540C524-713E-4842-BD59-35D5EA6A60C6}.Release|ARM.Build.0 = Release-Windows|Any CPU
		{5540C524-713E-4842-BD59-35D5EA6A60C6}.Release|iPhone.ActiveCfg = Release-Windows|Any CPU
		{5540C524-713E-4842-BD59-35D5EA6A60C6}.Release|iPhone.Build.0 = Release-Windows|Any CPU
		{5540C524-713E-4842-BD59-35D5EA6A60C6}.Release|iPhoneSimulator.ActiveCfg = Release-Windows|Any CPU
		{5540C524-713E-4842-BD59-35D5EA6A60C6}.Release|iPhoneSimulator.Build.0 = Release-Windows|Any CPU
		{5540C524-713E-4842-BD59-35D5EA6A60C6}.Release|Mixed Platforms.ActiveCfg = Release-Windows|x86
		{5540C524-713E-4842-BD59-35D5EA6A60C6}.Release|Mixed Platforms.Build.0 = Release-Windows|x86
		{5540C524-713E-4842-BD59-35D5EA6A60C6}.Release|x64.ActiveCfg = Release-Windows|Any CPU
		{5540C524-713E-4842-BD59-35D5EA6A60C6}.Release|x64.Build.0 = Release-Windows|Any CPU
		{5540C524-713E-4842-BD59-35D5EA6A60C6}.Release|x86.ActiveCfg = Release-Windows|x86
		{5540C524-713E-4842-BD59-35D5EA6A60C6}.Release|x86.Build.0 = Release-Windows|x86
		{5540C524-713E-4842-BD59-35D5EA6A60C6}.Release-Linux|Any CPU.ActiveCfg = Release-Windows|Any CPU
		{5540C524-713E-4842-BD59-35D5EA6A60C6}.Release-Linux|Any CPU.Build.0 = Release-Windows|Any CPU
		{5540C524-713E-4842-BD59-35D5EA6A60C6}.Release-Linux|ARM.ActiveCfg = Release-Windows|Any CPU
		{5540C524-713E-4842-BD59-35D5EA6A60C6}.Release-Linux|ARM.Build.0 = Release-Windows|Any CPU
		{5540C524-713E-4842-BD59-35D5EA6A60C6}.Release-Linux|iPhone.ActiveCfg = Release-Windows|Any CPU
		{5540C524-713E-4842-BD59-35D5EA6A60C6}.Release-Linux|iPhone.Build.0 = Release-Windows|Any CPU
		{5540C524-713E-4842-BD59-35D5EA6A60C6}.Release-Linux|iPhoneSimulator.ActiveCfg = Release-Windows|Any CPU
		{5540C524-713E-4842-BD59-35D5EA6A60C6}.Release-Linux|iPhoneSimulator.Build.0 = Release-Windows|Any CPU
		{5540C524-713E-4842-BD59-35D5EA6A60C6}.Release-Linux|Mixed Platforms.ActiveCfg = Release-Windows|Any CPU
		{5540C524-713E-4842-BD59-35D5EA6A60C6}.Release-Linux|Mixed Platforms.Build.0 = Release-Windows|Any CPU
		{5540C524-713E-4842-BD59-35D5EA6A60C6}.Release-Linux|x64.ActiveCfg = Release-Windows|Any CPU
		{5540C524-713E-4842-BD59-35D5EA6A60C6}.Release-Linux|x64.Build.0 = Release-Windows|Any CPU
		{5540C524-713E-4842-BD59-35D5EA6A60C6}.Release-Linux|x86.ActiveCfg = Release-Windows|x86
		{5540C524-713E-4842-BD59-35D5EA6A60C6}.Release-Linux|x86.Build.0 = Release-Windows|x86
		{5540C524-713E-4842-BD59-35D5EA6A60C6}.Release-Windows|Any CPU.ActiveCfg = Release-Windows|Any CPU
		{5540C524-713E-4842-BD59-35D5EA6A60C6}.Release-Windows|Any CPU.Build.0 = Release-Windows|Any CPU
		{5540C524-713E-4842-BD59-35D5EA6A60C6}.Release-Windows|ARM.ActiveCfg = Release-Windows|Any CPU
		{5540C524-713E-4842-BD59-35D5EA6A60C6}.Release-Windows|ARM.Build.0 = Release-Windows|Any CPU
		{5540C524-713E-4842-BD59-35D5EA6A60C6}.Release-Windows|iPhone.ActiveCfg = Release-Windows|Any CPU
		{5540C524-713E-4842-BD59-35D5EA6A60C6}.Release-Windows|iPhone.Build.0 = Release-Windows|Any CPU
		{5540C524-713E-4842-BD59-35D5EA6A60C6}.Release-Windows|iPhoneSimulator.ActiveCfg = Release-Windows|Any CPU
		{5540C524-713E-4842-BD59-35D5EA6A60C6}.Release-Windows|iPhoneSimulator.Build.0 = Release-Windows|Any CPU
		{5540C524-713E-4842-BD59-35D5EA6A60C6}.Release-Windows|Mixed Platforms.ActiveCfg = Release-Windows|Any CPU
		{5540C524-713E-4842-BD59-35D5EA6A60C6}.Release-Windows|Mixed Platforms.Build.0 = Release-Windows|Any CPU
		{5540C524-713E-4842-BD59-35D5EA6A60C6}.Release-Windows|x64.ActiveCfg = Release-Windows|Any CPU
		{5540C524-713E-4842-BD59-35D5EA6A60C6}.Release-Windows|x64.Build.0 = Release-Windows|Any CPU
		{5540C524-713E-4842-BD59-35D5EA6A60C6}.Release-Windows|x86.ActiveCfg = Release-Windows|x86
		{5540C524-713E-4842-BD59-35D5EA6A60C6}.Release-Windows|x86.Build.0 = Release-Windows|x86
		{B73CA343-F420-404F-A124-42AFF4BF38C6}.Ad-Hoc|Any CPU.ActiveCfg = Release-Windows|Any CPU
		{B73CA343-F420-404F-A124-42AFF4BF38C6}.Ad-Hoc|Any CPU.Build.0 = Release-Windows|Any CPU
		{B73CA343-F420-404F-A124-42AFF4BF38C6}.Ad-Hoc|ARM.ActiveCfg = Debug-Windows|Any CPU
		{B73CA343-F420-404F-A124-42AFF4BF38C6}.Ad-Hoc|ARM.Build.0 = Debug-Windows|Any CPU
		{B73CA343-F420-404F-A124-42AFF4BF38C6}.Ad-Hoc|iPhone.ActiveCfg = Release-Windows|Any CPU
		{B73CA343-F420-404F-A124-42AFF4BF38C6}.Ad-Hoc|iPhone.Build.0 = Release-Windows|Any CPU
		{B73CA343-F420-404F-A124-42AFF4BF38C6}.Ad-Hoc|iPhoneSimulator.ActiveCfg = Release-Windows|Any CPU
		{B73CA343-F420-404F-A124-42AFF4BF38C6}.Ad-Hoc|iPhoneSimulator.Build.0 = Release-Windows|Any CPU
		{B73CA343-F420-404F-A124-42AFF4BF38C6}.Ad-Hoc|Mixed Platforms.ActiveCfg = Release-Windows|x86
		{B73CA343-F420-404F-A124-42AFF4BF38C6}.Ad-Hoc|Mixed Platforms.Build.0 = Release-Windows|x86
		{B73CA343-F420-404F-A124-42AFF4BF38C6}.Ad-Hoc|x64.ActiveCfg = Debug-Windows|Any CPU
		{B73CA343-F420-404F-A124-42AFF4BF38C6}.Ad-Hoc|x64.Build.0 = Debug-Windows|Any CPU
		{B73CA343-F420-404F-A124-42AFF4BF38C6}.Ad-Hoc|x86.ActiveCfg = Release-Windows|x86
		{B73CA343-F420-404F-A124-42AFF4BF38C6}.Ad-Hoc|x86.Build.0 = Release-Windows|x86
		{B73CA343-F420-404F-A124-42AFF4BF38C6}.AppStore|Any CPU.ActiveCfg = Release-Windows|Any CPU
		{B73CA343-F420-404F-A124-42AFF4BF38C6}.AppStore|Any CPU.Build.0 = Release-Windows|Any CPU
		{B73CA343-F420-404F-A124-42AFF4BF38C6}.AppStore|ARM.ActiveCfg = Debug-Windows|Any CPU
		{B73CA343-F420-404F-A124-42AFF4BF38C6}.AppStore|ARM.Build.0 = Debug-Windows|Any CPU
		{B73CA343-F420-404F-A124-42AFF4BF38C6}.AppStore|iPhone.ActiveCfg = Release-Windows|Any CPU
		{B73CA343-F420-404F-A124-42AFF4BF38C6}.AppStore|iPhone.Build.0 = Release-Windows|Any CPU
		{B73CA343-F420-404F-A124-42AFF4BF38C6}.AppStore|iPhoneSimulator.ActiveCfg = Release-Windows|Any CPU
		{B73CA343-F420-404F-A124-42AFF4BF38C6}.AppStore|iPhoneSimulator.Build.0 = Release-Windows|Any CPU
		{B73CA343-F420-404F-A124-42AFF4BF38C6}.AppStore|Mixed Platforms.ActiveCfg = Release-Windows|x86
		{B73CA343-F420-404F-A124-42AFF4BF38C6}.AppStore|Mixed Platforms.Build.0 = Release-Windows|x86
		{B73CA343-F420-404F-A124-42AFF4BF38C6}.AppStore|x64.ActiveCfg = Debug-Windows|Any CPU
		{B73CA343-F420-404F-A124-42AFF4BF38C6}.AppStore|x64.Build.0 = Debug-Windows|Any CPU
		{B73CA343-F420-404F-A124-42AFF4BF38C6}.AppStore|x86.ActiveCfg = Release-Windows|x86
		{B73CA343-F420-404F-A124-42AFF4BF38C6}.AppStore|x86.Build.0 = Release-Windows|x86
		{B73CA343-F420-404F-A124-42AFF4BF38C6}.Debug|Any CPU.ActiveCfg = Debug|Any CPU
		{B73CA343-F420-404F-A124-42AFF4BF38C6}.Debug|Any CPU.Build.0 = Debug|Any CPU
		{B73CA343-F420-404F-A124-42AFF4BF38C6}.Debug|ARM.ActiveCfg = Debug|Any CPU
		{B73CA343-F420-404F-A124-42AFF4BF38C6}.Debug|ARM.Build.0 = Debug|Any CPU
		{B73CA343-F420-404F-A124-42AFF4BF38C6}.Debug|iPhone.ActiveCfg = Debug|Any CPU
		{B73CA343-F420-404F-A124-42AFF4BF38C6}.Debug|iPhone.Build.0 = Debug|Any CPU
		{B73CA343-F420-404F-A124-42AFF4BF38C6}.Debug|iPhoneSimulator.ActiveCfg = Debug|Any CPU
		{B73CA343-F420-404F-A124-42AFF4BF38C6}.Debug|iPhoneSimulator.Build.0 = Debug|Any CPU
		{B73CA343-F420-404F-A124-42AFF4BF38C6}.Debug|Mixed Platforms.ActiveCfg = Debug|x86
		{B73CA343-F420-404F-A124-42AFF4BF38C6}.Debug|Mixed Platforms.Build.0 = Debug|x86
		{B73CA343-F420-404F-A124-42AFF4BF38C6}.Debug|x64.ActiveCfg = Debug|Any CPU
		{B73CA343-F420-404F-A124-42AFF4BF38C6}.Debug|x64.Build.0 = Debug|Any CPU
		{B73CA343-F420-404F-A124-42AFF4BF38C6}.Debug|x86.ActiveCfg = Debug|x86
		{B73CA343-F420-404F-A124-42AFF4BF38C6}.Debug|x86.Build.0 = Debug|x86
		{B73CA343-F420-404F-A124-42AFF4BF38C6}.Debug-Linux|Any CPU.ActiveCfg = Debug-Windows|Any CPU
		{B73CA343-F420-404F-A124-42AFF4BF38C6}.Debug-Linux|Any CPU.Build.0 = Debug-Windows|Any CPU
		{B73CA343-F420-404F-A124-42AFF4BF38C6}.Debug-Linux|ARM.ActiveCfg = Debug-Windows|Any CPU
		{B73CA343-F420-404F-A124-42AFF4BF38C6}.Debug-Linux|ARM.Build.0 = Debug-Windows|Any CPU
		{B73CA343-F420-404F-A124-42AFF4BF38C6}.Debug-Linux|iPhone.ActiveCfg = Debug-Windows|Any CPU
		{B73CA343-F420-404F-A124-42AFF4BF38C6}.Debug-Linux|iPhone.Build.0 = Debug-Windows|Any CPU
		{B73CA343-F420-404F-A124-42AFF4BF38C6}.Debug-Linux|iPhoneSimulator.ActiveCfg = Debug-Windows|Any CPU
		{B73CA343-F420-404F-A124-42AFF4BF38C6}.Debug-Linux|iPhoneSimulator.Build.0 = Debug-Windows|Any CPU
		{B73CA343-F420-404F-A124-42AFF4BF38C6}.Debug-Linux|Mixed Platforms.ActiveCfg = Debug-Windows|Any CPU
		{B73CA343-F420-404F-A124-42AFF4BF38C6}.Debug-Linux|Mixed Platforms.Build.0 = Debug-Windows|Any CPU
		{B73CA343-F420-404F-A124-42AFF4BF38C6}.Debug-Linux|x64.ActiveCfg = Debug-Windows|Any CPU
		{B73CA343-F420-404F-A124-42AFF4BF38C6}.Debug-Linux|x64.Build.0 = Debug-Windows|Any CPU
		{B73CA343-F420-404F-A124-42AFF4BF38C6}.Debug-Linux|x86.ActiveCfg = Debug-Windows|x86
		{B73CA343-F420-404F-A124-42AFF4BF38C6}.Debug-Linux|x86.Build.0 = Debug-Windows|x86
		{B73CA343-F420-404F-A124-42AFF4BF38C6}.Debug-Windows|Any CPU.ActiveCfg = Debug-Windows|Any CPU
		{B73CA343-F420-404F-A124-42AFF4BF38C6}.Debug-Windows|Any CPU.Build.0 = Debug-Windows|Any CPU
		{B73CA343-F420-404F-A124-42AFF4BF38C6}.Debug-Windows|ARM.ActiveCfg = Debug-Windows|Any CPU
		{B73CA343-F420-404F-A124-42AFF4BF38C6}.Debug-Windows|ARM.Build.0 = Debug-Windows|Any CPU
		{B73CA343-F420-404F-A124-42AFF4BF38C6}.Debug-Windows|iPhone.ActiveCfg = Debug-Windows|Any CPU
		{B73CA343-F420-404F-A124-42AFF4BF38C6}.Debug-Windows|iPhone.Build.0 = Debug-Windows|Any CPU
		{B73CA343-F420-404F-A124-42AFF4BF38C6}.Debug-Windows|iPhoneSimulator.ActiveCfg = Debug-Windows|Any CPU
		{B73CA343-F420-404F-A124-42AFF4BF38C6}.Debug-Windows|iPhoneSimulator.Build.0 = Debug-Windows|Any CPU
		{B73CA343-F420-404F-A124-42AFF4BF38C6}.Debug-Windows|Mixed Platforms.ActiveCfg = Debug-Windows|Any CPU
		{B73CA343-F420-404F-A124-42AFF4BF38C6}.Debug-Windows|Mixed Platforms.Build.0 = Debug-Windows|Any CPU
		{B73CA343-F420-404F-A124-42AFF4BF38C6}.Debug-Windows|x64.ActiveCfg = Debug-Windows|Any CPU
		{B73CA343-F420-404F-A124-42AFF4BF38C6}.Debug-Windows|x64.Build.0 = Debug-Windows|Any CPU
		{B73CA343-F420-404F-A124-42AFF4BF38C6}.Debug-Windows|x86.ActiveCfg = Debug-Windows|x86
		{B73CA343-F420-404F-A124-42AFF4BF38C6}.Debug-Windows|x86.Build.0 = Debug-Windows|x86
		{B73CA343-F420-404F-A124-42AFF4BF38C6}.Release|Any CPU.ActiveCfg = Release-Windows|Any CPU
		{B73CA343-F420-404F-A124-42AFF4BF38C6}.Release|Any CPU.Build.0 = Release-Windows|Any CPU
		{B73CA343-F420-404F-A124-42AFF4BF38C6}.Release|ARM.ActiveCfg = Release-Windows|Any CPU
		{B73CA343-F420-404F-A124-42AFF4BF38C6}.Release|ARM.Build.0 = Release-Windows|Any CPU
		{B73CA343-F420-404F-A124-42AFF4BF38C6}.Release|iPhone.ActiveCfg = Release-Windows|Any CPU
		{B73CA343-F420-404F-A124-42AFF4BF38C6}.Release|iPhone.Build.0 = Release-Windows|Any CPU
		{B73CA343-F420-404F-A124-42AFF4BF38C6}.Release|iPhoneSimulator.ActiveCfg = Release-Windows|Any CPU
		{B73CA343-F420-404F-A124-42AFF4BF38C6}.Release|iPhoneSimulator.Build.0 = Release-Windows|Any CPU
		{B73CA343-F420-404F-A124-42AFF4BF38C6}.Release|Mixed Platforms.ActiveCfg = Release-Windows|x86
		{B73CA343-F420-404F-A124-42AFF4BF38C6}.Release|Mixed Platforms.Build.0 = Release-Windows|x86
		{B73CA343-F420-404F-A124-42AFF4BF38C6}.Release|x64.ActiveCfg = Release-Windows|Any CPU
		{B73CA343-F420-404F-A124-42AFF4BF38C6}.Release|x64.Build.0 = Release-Windows|Any CPU
		{B73CA343-F420-404F-A124-42AFF4BF38C6}.Release|x86.ActiveCfg = Release-Windows|x86
		{B73CA343-F420-404F-A124-42AFF4BF38C6}.Release|x86.Build.0 = Release-Windows|x86
		{B73CA343-F420-404F-A124-42AFF4BF38C6}.Release-Linux|Any CPU.ActiveCfg = Release-Windows|Any CPU
		{B73CA343-F420-404F-A124-42AFF4BF38C6}.Release-Linux|Any CPU.Build.0 = Release-Windows|Any CPU
		{B73CA343-F420-404F-A124-42AFF4BF38C6}.Release-Linux|ARM.ActiveCfg = Release-Windows|Any CPU
		{B73CA343-F420-404F-A124-42AFF4BF38C6}.Release-Linux|ARM.Build.0 = Release-Windows|Any CPU
		{B73CA343-F420-404F-A124-42AFF4BF38C6}.Release-Linux|iPhone.ActiveCfg = Release-Windows|Any CPU
		{B73CA343-F420-404F-A124-42AFF4BF38C6}.Release-Linux|iPhone.Build.0 = Release-Windows|Any CPU
		{B73CA343-F420-404F-A124-42AFF4BF38C6}.Release-Linux|iPhoneSimulator.ActiveCfg = Release-Windows|Any CPU
		{B73CA343-F420-404F-A124-42AFF4BF38C6}.Release-Linux|iPhoneSimulator.Build.0 = Release-Windows|Any CPU
		{B73CA343-F420-404F-A124-42AFF4BF38C6}.Release-Linux|Mixed Platforms.ActiveCfg = Release-Windows|Any CPU
		{B73CA343-F420-404F-A124-42AFF4BF38C6}.Release-Linux|Mixed Platforms.Build.0 = Release-Windows|Any CPU
		{B73CA343-F420-404F-A124-42AFF4BF38C6}.Release-Linux|x64.ActiveCfg = Release-Windows|Any CPU
		{B73CA343-F420-404F-A124-42AFF4BF38C6}.Release-Linux|x64.Build.0 = Release-Windows|Any CPU
		{B73CA343-F420-404F-A124-42AFF4BF38C6}.Release-Linux|x86.ActiveCfg = Release-Windows|x86
		{B73CA343-F420-404F-A124-42AFF4BF38C6}.Release-Windows|Any CPU.ActiveCfg = Release-Windows|Any CPU
		{B73CA343-F420-404F-A124-42AFF4BF38C6}.Release-Windows|Any CPU.Build.0 = Release-Windows|Any CPU
		{B73CA343-F420-404F-A124-42AFF4BF38C6}.Release-Windows|ARM.ActiveCfg = Release-Windows|Any CPU
		{B73CA343-F420-404F-A124-42AFF4BF38C6}.Release-Windows|ARM.Build.0 = Release-Windows|Any CPU
		{B73CA343-F420-404F-A124-42AFF4BF38C6}.Release-Windows|iPhone.ActiveCfg = Release-Windows|Any CPU
		{B73CA343-F420-404F-A124-42AFF4BF38C6}.Release-Windows|iPhone.Build.0 = Release-Windows|Any CPU
		{B73CA343-F420-404F-A124-42AFF4BF38C6}.Release-Windows|iPhoneSimulator.ActiveCfg = Release-Windows|Any CPU
		{B73CA343-F420-404F-A124-42AFF4BF38C6}.Release-Windows|iPhoneSimulator.Build.0 = Release-Windows|Any CPU
		{B73CA343-F420-404F-A124-42AFF4BF38C6}.Release-Windows|Mixed Platforms.ActiveCfg = Release-Windows|Any CPU
		{B73CA343-F420-404F-A124-42AFF4BF38C6}.Release-Windows|Mixed Platforms.Build.0 = Release-Windows|Any CPU
		{B73CA343-F420-404F-A124-42AFF4BF38C6}.Release-Windows|x64.ActiveCfg = Release-Windows|Any CPU
		{B73CA343-F420-404F-A124-42AFF4BF38C6}.Release-Windows|x64.Build.0 = Release-Windows|Any CPU
		{B73CA343-F420-404F-A124-42AFF4BF38C6}.Release-Windows|x86.ActiveCfg = Release-Windows|x86
		{5335D016-DA57-4082-8D53-5DDB22D49A7C}.Ad-Hoc|Any CPU.ActiveCfg = Release|Any CPU
		{5335D016-DA57-4082-8D53-5DDB22D49A7C}.Ad-Hoc|Any CPU.Build.0 = Release|Any CPU
		{5335D016-DA57-4082-8D53-5DDB22D49A7C}.Ad-Hoc|Any CPU.Deploy.0 = Release|Any CPU
		{5335D016-DA57-4082-8D53-5DDB22D49A7C}.Ad-Hoc|ARM.ActiveCfg = Debug|Any CPU
		{5335D016-DA57-4082-8D53-5DDB22D49A7C}.Ad-Hoc|ARM.Build.0 = Debug|Any CPU
		{5335D016-DA57-4082-8D53-5DDB22D49A7C}.Ad-Hoc|ARM.Deploy.0 = Debug|Any CPU
		{5335D016-DA57-4082-8D53-5DDB22D49A7C}.Ad-Hoc|iPhone.ActiveCfg = Release|Any CPU
		{5335D016-DA57-4082-8D53-5DDB22D49A7C}.Ad-Hoc|iPhone.Build.0 = Release|Any CPU
		{5335D016-DA57-4082-8D53-5DDB22D49A7C}.Ad-Hoc|iPhone.Deploy.0 = Release|Any CPU
		{5335D016-DA57-4082-8D53-5DDB22D49A7C}.Ad-Hoc|iPhoneSimulator.ActiveCfg = Release|Any CPU
		{5335D016-DA57-4082-8D53-5DDB22D49A7C}.Ad-Hoc|iPhoneSimulator.Build.0 = Release|Any CPU
		{5335D016-DA57-4082-8D53-5DDB22D49A7C}.Ad-Hoc|iPhoneSimulator.Deploy.0 = Release|Any CPU
		{5335D016-DA57-4082-8D53-5DDB22D49A7C}.Ad-Hoc|Mixed Platforms.ActiveCfg = Release|Any CPU
		{5335D016-DA57-4082-8D53-5DDB22D49A7C}.Ad-Hoc|Mixed Platforms.Build.0 = Release|Any CPU
		{5335D016-DA57-4082-8D53-5DDB22D49A7C}.Ad-Hoc|Mixed Platforms.Deploy.0 = Release|Any CPU
		{5335D016-DA57-4082-8D53-5DDB22D49A7C}.Ad-Hoc|x64.ActiveCfg = Debug|Any CPU
		{5335D016-DA57-4082-8D53-5DDB22D49A7C}.Ad-Hoc|x64.Build.0 = Debug|Any CPU
		{5335D016-DA57-4082-8D53-5DDB22D49A7C}.Ad-Hoc|x64.Deploy.0 = Debug|Any CPU
		{5335D016-DA57-4082-8D53-5DDB22D49A7C}.Ad-Hoc|x86.ActiveCfg = Release|Any CPU
		{5335D016-DA57-4082-8D53-5DDB22D49A7C}.Ad-Hoc|x86.Build.0 = Release|Any CPU
		{5335D016-DA57-4082-8D53-5DDB22D49A7C}.Ad-Hoc|x86.Deploy.0 = Release|Any CPU
		{5335D016-DA57-4082-8D53-5DDB22D49A7C}.AppStore|Any CPU.ActiveCfg = Release|Any CPU
		{5335D016-DA57-4082-8D53-5DDB22D49A7C}.AppStore|Any CPU.Build.0 = Release|Any CPU
		{5335D016-DA57-4082-8D53-5DDB22D49A7C}.AppStore|Any CPU.Deploy.0 = Release|Any CPU
		{5335D016-DA57-4082-8D53-5DDB22D49A7C}.AppStore|ARM.ActiveCfg = Debug|Any CPU
		{5335D016-DA57-4082-8D53-5DDB22D49A7C}.AppStore|ARM.Build.0 = Debug|Any CPU
		{5335D016-DA57-4082-8D53-5DDB22D49A7C}.AppStore|ARM.Deploy.0 = Debug|Any CPU
		{5335D016-DA57-4082-8D53-5DDB22D49A7C}.AppStore|iPhone.ActiveCfg = Release|Any CPU
		{5335D016-DA57-4082-8D53-5DDB22D49A7C}.AppStore|iPhone.Build.0 = Release|Any CPU
		{5335D016-DA57-4082-8D53-5DDB22D49A7C}.AppStore|iPhone.Deploy.0 = Release|Any CPU
		{5335D016-DA57-4082-8D53-5DDB22D49A7C}.AppStore|iPhoneSimulator.ActiveCfg = Release|Any CPU
		{5335D016-DA57-4082-8D53-5DDB22D49A7C}.AppStore|iPhoneSimulator.Build.0 = Release|Any CPU
		{5335D016-DA57-4082-8D53-5DDB22D49A7C}.AppStore|iPhoneSimulator.Deploy.0 = Release|Any CPU
		{5335D016-DA57-4082-8D53-5DDB22D49A7C}.AppStore|Mixed Platforms.ActiveCfg = Release|Any CPU
		{5335D016-DA57-4082-8D53-5DDB22D49A7C}.AppStore|Mixed Platforms.Build.0 = Release|Any CPU
		{5335D016-DA57-4082-8D53-5DDB22D49A7C}.AppStore|Mixed Platforms.Deploy.0 = Release|Any CPU
		{5335D016-DA57-4082-8D53-5DDB22D49A7C}.AppStore|x64.ActiveCfg = Debug|Any CPU
		{5335D016-DA57-4082-8D53-5DDB22D49A7C}.AppStore|x64.Build.0 = Debug|Any CPU
		{5335D016-DA57-4082-8D53-5DDB22D49A7C}.AppStore|x64.Deploy.0 = Debug|Any CPU
		{5335D016-DA57-4082-8D53-5DDB22D49A7C}.AppStore|x86.ActiveCfg = Release|Any CPU
		{5335D016-DA57-4082-8D53-5DDB22D49A7C}.AppStore|x86.Build.0 = Release|Any CPU
		{5335D016-DA57-4082-8D53-5DDB22D49A7C}.AppStore|x86.Deploy.0 = Release|Any CPU
		{5335D016-DA57-4082-8D53-5DDB22D49A7C}.Debug|Any CPU.ActiveCfg = Debug|Any CPU
		{5335D016-DA57-4082-8D53-5DDB22D49A7C}.Debug|Any CPU.Build.0 = Debug|Any CPU
		{5335D016-DA57-4082-8D53-5DDB22D49A7C}.Debug|Any CPU.Deploy.0 = Debug|Any CPU
		{5335D016-DA57-4082-8D53-5DDB22D49A7C}.Debug|ARM.ActiveCfg = Debug|Any CPU
		{5335D016-DA57-4082-8D53-5DDB22D49A7C}.Debug|ARM.Build.0 = Debug|Any CPU
		{5335D016-DA57-4082-8D53-5DDB22D49A7C}.Debug|ARM.Deploy.0 = Debug|Any CPU
		{5335D016-DA57-4082-8D53-5DDB22D49A7C}.Debug|iPhone.ActiveCfg = Debug|Any CPU
		{5335D016-DA57-4082-8D53-5DDB22D49A7C}.Debug|iPhone.Build.0 = Debug|Any CPU
		{5335D016-DA57-4082-8D53-5DDB22D49A7C}.Debug|iPhone.Deploy.0 = Debug|Any CPU
		{5335D016-DA57-4082-8D53-5DDB22D49A7C}.Debug|iPhoneSimulator.ActiveCfg = Debug|Any CPU
		{5335D016-DA57-4082-8D53-5DDB22D49A7C}.Debug|iPhoneSimulator.Build.0 = Debug|Any CPU
		{5335D016-DA57-4082-8D53-5DDB22D49A7C}.Debug|iPhoneSimulator.Deploy.0 = Debug|Any CPU
		{5335D016-DA57-4082-8D53-5DDB22D49A7C}.Debug|Mixed Platforms.ActiveCfg = Debug|Any CPU
		{5335D016-DA57-4082-8D53-5DDB22D49A7C}.Debug|Mixed Platforms.Build.0 = Debug|Any CPU
		{5335D016-DA57-4082-8D53-5DDB22D49A7C}.Debug|Mixed Platforms.Deploy.0 = Debug|Any CPU
		{5335D016-DA57-4082-8D53-5DDB22D49A7C}.Debug|x64.ActiveCfg = Debug|Any CPU
		{5335D016-DA57-4082-8D53-5DDB22D49A7C}.Debug|x64.Build.0 = Debug|Any CPU
		{5335D016-DA57-4082-8D53-5DDB22D49A7C}.Debug|x64.Deploy.0 = Debug|Any CPU
		{5335D016-DA57-4082-8D53-5DDB22D49A7C}.Debug|x86.ActiveCfg = Debug|Any CPU
		{5335D016-DA57-4082-8D53-5DDB22D49A7C}.Debug|x86.Build.0 = Debug|Any CPU
		{5335D016-DA57-4082-8D53-5DDB22D49A7C}.Debug|x86.Deploy.0 = Debug|Any CPU
		{5335D016-DA57-4082-8D53-5DDB22D49A7C}.Debug-Linux|Any CPU.ActiveCfg = Debug|Any CPU
		{5335D016-DA57-4082-8D53-5DDB22D49A7C}.Debug-Linux|Any CPU.Build.0 = Debug|Any CPU
		{5335D016-DA57-4082-8D53-5DDB22D49A7C}.Debug-Linux|Any CPU.Deploy.0 = Debug|Any CPU
		{5335D016-DA57-4082-8D53-5DDB22D49A7C}.Debug-Linux|ARM.ActiveCfg = Debug|Any CPU
		{5335D016-DA57-4082-8D53-5DDB22D49A7C}.Debug-Linux|ARM.Build.0 = Debug|Any CPU
		{5335D016-DA57-4082-8D53-5DDB22D49A7C}.Debug-Linux|ARM.Deploy.0 = Debug|Any CPU
		{5335D016-DA57-4082-8D53-5DDB22D49A7C}.Debug-Linux|iPhone.ActiveCfg = Debug|Any CPU
		{5335D016-DA57-4082-8D53-5DDB22D49A7C}.Debug-Linux|iPhone.Build.0 = Debug|Any CPU
		{5335D016-DA57-4082-8D53-5DDB22D49A7C}.Debug-Linux|iPhone.Deploy.0 = Debug|Any CPU
		{5335D016-DA57-4082-8D53-5DDB22D49A7C}.Debug-Linux|iPhoneSimulator.ActiveCfg = Debug|Any CPU
		{5335D016-DA57-4082-8D53-5DDB22D49A7C}.Debug-Linux|iPhoneSimulator.Build.0 = Debug|Any CPU
		{5335D016-DA57-4082-8D53-5DDB22D49A7C}.Debug-Linux|iPhoneSimulator.Deploy.0 = Debug|Any CPU
		{5335D016-DA57-4082-8D53-5DDB22D49A7C}.Debug-Linux|Mixed Platforms.ActiveCfg = Debug|Any CPU
		{5335D016-DA57-4082-8D53-5DDB22D49A7C}.Debug-Linux|Mixed Platforms.Build.0 = Debug|Any CPU
		{5335D016-DA57-4082-8D53-5DDB22D49A7C}.Debug-Linux|Mixed Platforms.Deploy.0 = Debug|Any CPU
		{5335D016-DA57-4082-8D53-5DDB22D49A7C}.Debug-Linux|x64.ActiveCfg = Debug|Any CPU
		{5335D016-DA57-4082-8D53-5DDB22D49A7C}.Debug-Linux|x64.Build.0 = Debug|Any CPU
		{5335D016-DA57-4082-8D53-5DDB22D49A7C}.Debug-Linux|x64.Deploy.0 = Debug|Any CPU
		{5335D016-DA57-4082-8D53-5DDB22D49A7C}.Debug-Linux|x86.ActiveCfg = Debug|Any CPU
		{5335D016-DA57-4082-8D53-5DDB22D49A7C}.Debug-Linux|x86.Build.0 = Debug|Any CPU
		{5335D016-DA57-4082-8D53-5DDB22D49A7C}.Debug-Linux|x86.Deploy.0 = Debug|Any CPU
		{5335D016-DA57-4082-8D53-5DDB22D49A7C}.Debug-Windows|Any CPU.ActiveCfg = Debug|Any CPU
		{5335D016-DA57-4082-8D53-5DDB22D49A7C}.Debug-Windows|Any CPU.Build.0 = Debug|Any CPU
		{5335D016-DA57-4082-8D53-5DDB22D49A7C}.Debug-Windows|Any CPU.Deploy.0 = Debug|Any CPU
		{5335D016-DA57-4082-8D53-5DDB22D49A7C}.Debug-Windows|ARM.ActiveCfg = Debug|Any CPU
		{5335D016-DA57-4082-8D53-5DDB22D49A7C}.Debug-Windows|ARM.Build.0 = Debug|Any CPU
		{5335D016-DA57-4082-8D53-5DDB22D49A7C}.Debug-Windows|ARM.Deploy.0 = Debug|Any CPU
		{5335D016-DA57-4082-8D53-5DDB22D49A7C}.Debug-Windows|iPhone.ActiveCfg = Debug|Any CPU
		{5335D016-DA57-4082-8D53-5DDB22D49A7C}.Debug-Windows|iPhone.Build.0 = Debug|Any CPU
		{5335D016-DA57-4082-8D53-5DDB22D49A7C}.Debug-Windows|iPhone.Deploy.0 = Debug|Any CPU
		{5335D016-DA57-4082-8D53-5DDB22D49A7C}.Debug-Windows|iPhoneSimulator.ActiveCfg = Debug|Any CPU
		{5335D016-DA57-4082-8D53-5DDB22D49A7C}.Debug-Windows|iPhoneSimulator.Build.0 = Debug|Any CPU
		{5335D016-DA57-4082-8D53-5DDB22D49A7C}.Debug-Windows|iPhoneSimulator.Deploy.0 = Debug|Any CPU
		{5335D016-DA57-4082-8D53-5DDB22D49A7C}.Debug-Windows|Mixed Platforms.ActiveCfg = Debug|Any CPU
		{5335D016-DA57-4082-8D53-5DDB22D49A7C}.Debug-Windows|Mixed Platforms.Build.0 = Debug|Any CPU
		{5335D016-DA57-4082-8D53-5DDB22D49A7C}.Debug-Windows|Mixed Platforms.Deploy.0 = Debug|Any CPU
		{5335D016-DA57-4082-8D53-5DDB22D49A7C}.Debug-Windows|x64.ActiveCfg = Debug|Any CPU
		{5335D016-DA57-4082-8D53-5DDB22D49A7C}.Debug-Windows|x64.Build.0 = Debug|Any CPU
		{5335D016-DA57-4082-8D53-5DDB22D49A7C}.Debug-Windows|x64.Deploy.0 = Debug|Any CPU
		{5335D016-DA57-4082-8D53-5DDB22D49A7C}.Debug-Windows|x86.ActiveCfg = Debug|Any CPU
		{5335D016-DA57-4082-8D53-5DDB22D49A7C}.Debug-Windows|x86.Build.0 = Debug|Any CPU
		{5335D016-DA57-4082-8D53-5DDB22D49A7C}.Debug-Windows|x86.Deploy.0 = Debug|Any CPU
		{5335D016-DA57-4082-8D53-5DDB22D49A7C}.Release|Any CPU.ActiveCfg = Release|Any CPU
		{5335D016-DA57-4082-8D53-5DDB22D49A7C}.Release|Any CPU.Build.0 = Release|Any CPU
		{5335D016-DA57-4082-8D53-5DDB22D49A7C}.Release|Any CPU.Deploy.0 = Release|Any CPU
		{5335D016-DA57-4082-8D53-5DDB22D49A7C}.Release|ARM.ActiveCfg = Release|Any CPU
		{5335D016-DA57-4082-8D53-5DDB22D49A7C}.Release|ARM.Build.0 = Release|Any CPU
		{5335D016-DA57-4082-8D53-5DDB22D49A7C}.Release|ARM.Deploy.0 = Release|Any CPU
		{5335D016-DA57-4082-8D53-5DDB22D49A7C}.Release|iPhone.ActiveCfg = Release|Any CPU
		{5335D016-DA57-4082-8D53-5DDB22D49A7C}.Release|iPhone.Build.0 = Release|Any CPU
		{5335D016-DA57-4082-8D53-5DDB22D49A7C}.Release|iPhone.Deploy.0 = Release|Any CPU
		{5335D016-DA57-4082-8D53-5DDB22D49A7C}.Release|iPhoneSimulator.ActiveCfg = Release|Any CPU
		{5335D016-DA57-4082-8D53-5DDB22D49A7C}.Release|iPhoneSimulator.Build.0 = Release|Any CPU
		{5335D016-DA57-4082-8D53-5DDB22D49A7C}.Release|iPhoneSimulator.Deploy.0 = Release|Any CPU
		{5335D016-DA57-4082-8D53-5DDB22D49A7C}.Release|Mixed Platforms.ActiveCfg = Release|Any CPU
		{5335D016-DA57-4082-8D53-5DDB22D49A7C}.Release|Mixed Platforms.Build.0 = Release|Any CPU
		{5335D016-DA57-4082-8D53-5DDB22D49A7C}.Release|Mixed Platforms.Deploy.0 = Release|Any CPU
		{5335D016-DA57-4082-8D53-5DDB22D49A7C}.Release|x64.ActiveCfg = Release|Any CPU
		{5335D016-DA57-4082-8D53-5DDB22D49A7C}.Release|x64.Build.0 = Release|Any CPU
		{5335D016-DA57-4082-8D53-5DDB22D49A7C}.Release|x64.Deploy.0 = Release|Any CPU
		{5335D016-DA57-4082-8D53-5DDB22D49A7C}.Release|x86.ActiveCfg = Release|Any CPU
		{5335D016-DA57-4082-8D53-5DDB22D49A7C}.Release|x86.Build.0 = Release|Any CPU
		{5335D016-DA57-4082-8D53-5DDB22D49A7C}.Release|x86.Deploy.0 = Release|Any CPU
		{5335D016-DA57-4082-8D53-5DDB22D49A7C}.Release-Linux|Any CPU.ActiveCfg = Release|Any CPU
		{5335D016-DA57-4082-8D53-5DDB22D49A7C}.Release-Linux|Any CPU.Build.0 = Release|Any CPU
		{5335D016-DA57-4082-8D53-5DDB22D49A7C}.Release-Linux|Any CPU.Deploy.0 = Release|Any CPU
		{5335D016-DA57-4082-8D53-5DDB22D49A7C}.Release-Linux|ARM.ActiveCfg = Release|Any CPU
		{5335D016-DA57-4082-8D53-5DDB22D49A7C}.Release-Linux|ARM.Build.0 = Release|Any CPU
		{5335D016-DA57-4082-8D53-5DDB22D49A7C}.Release-Linux|ARM.Deploy.0 = Release|Any CPU
		{5335D016-DA57-4082-8D53-5DDB22D49A7C}.Release-Linux|iPhone.ActiveCfg = Release|Any CPU
		{5335D016-DA57-4082-8D53-5DDB22D49A7C}.Release-Linux|iPhone.Build.0 = Release|Any CPU
		{5335D016-DA57-4082-8D53-5DDB22D49A7C}.Release-Linux|iPhone.Deploy.0 = Release|Any CPU
		{5335D016-DA57-4082-8D53-5DDB22D49A7C}.Release-Linux|iPhoneSimulator.ActiveCfg = Release|Any CPU
		{5335D016-DA57-4082-8D53-5DDB22D49A7C}.Release-Linux|iPhoneSimulator.Build.0 = Release|Any CPU
		{5335D016-DA57-4082-8D53-5DDB22D49A7C}.Release-Linux|iPhoneSimulator.Deploy.0 = Release|Any CPU
		{5335D016-DA57-4082-8D53-5DDB22D49A7C}.Release-Linux|Mixed Platforms.ActiveCfg = Release|Any CPU
		{5335D016-DA57-4082-8D53-5DDB22D49A7C}.Release-Linux|Mixed Platforms.Build.0 = Release|Any CPU
		{5335D016-DA57-4082-8D53-5DDB22D49A7C}.Release-Linux|Mixed Platforms.Deploy.0 = Release|Any CPU
		{5335D016-DA57-4082-8D53-5DDB22D49A7C}.Release-Linux|x64.ActiveCfg = Release|Any CPU
		{5335D016-DA57-4082-8D53-5DDB22D49A7C}.Release-Linux|x64.Build.0 = Release|Any CPU
		{5335D016-DA57-4082-8D53-5DDB22D49A7C}.Release-Linux|x64.Deploy.0 = Release|Any CPU
		{5335D016-DA57-4082-8D53-5DDB22D49A7C}.Release-Linux|x86.ActiveCfg = Release|Any CPU
		{5335D016-DA57-4082-8D53-5DDB22D49A7C}.Release-Linux|x86.Build.0 = Release|Any CPU
		{5335D016-DA57-4082-8D53-5DDB22D49A7C}.Release-Linux|x86.Deploy.0 = Release|Any CPU
		{5335D016-DA57-4082-8D53-5DDB22D49A7C}.Release-Windows|Any CPU.ActiveCfg = Release|Any CPU
		{5335D016-DA57-4082-8D53-5DDB22D49A7C}.Release-Windows|Any CPU.Build.0 = Release|Any CPU
		{5335D016-DA57-4082-8D53-5DDB22D49A7C}.Release-Windows|Any CPU.Deploy.0 = Release|Any CPU
		{5335D016-DA57-4082-8D53-5DDB22D49A7C}.Release-Windows|ARM.ActiveCfg = Release|Any CPU
		{5335D016-DA57-4082-8D53-5DDB22D49A7C}.Release-Windows|ARM.Build.0 = Release|Any CPU
		{5335D016-DA57-4082-8D53-5DDB22D49A7C}.Release-Windows|ARM.Deploy.0 = Release|Any CPU
		{5335D016-DA57-4082-8D53-5DDB22D49A7C}.Release-Windows|iPhone.ActiveCfg = Release|Any CPU
		{5335D016-DA57-4082-8D53-5DDB22D49A7C}.Release-Windows|iPhone.Build.0 = Release|Any CPU
		{5335D016-DA57-4082-8D53-5DDB22D49A7C}.Release-Windows|iPhone.Deploy.0 = Release|Any CPU
		{5335D016-DA57-4082-8D53-5DDB22D49A7C}.Release-Windows|iPhoneSimulator.ActiveCfg = Release|Any CPU
		{5335D016-DA57-4082-8D53-5DDB22D49A7C}.Release-Windows|iPhoneSimulator.Build.0 = Release|Any CPU
		{5335D016-DA57-4082-8D53-5DDB22D49A7C}.Release-Windows|iPhoneSimulator.Deploy.0 = Release|Any CPU
		{5335D016-DA57-4082-8D53-5DDB22D49A7C}.Release-Windows|Mixed Platforms.ActiveCfg = Release|Any CPU
		{5335D016-DA57-4082-8D53-5DDB22D49A7C}.Release-Windows|Mixed Platforms.Build.0 = Release|Any CPU
		{5335D016-DA57-4082-8D53-5DDB22D49A7C}.Release-Windows|Mixed Platforms.Deploy.0 = Release|Any CPU
		{5335D016-DA57-4082-8D53-5DDB22D49A7C}.Release-Windows|x64.ActiveCfg = Release|Any CPU
		{5335D016-DA57-4082-8D53-5DDB22D49A7C}.Release-Windows|x64.Build.0 = Release|Any CPU
		{5335D016-DA57-4082-8D53-5DDB22D49A7C}.Release-Windows|x64.Deploy.0 = Release|Any CPU
		{5335D016-DA57-4082-8D53-5DDB22D49A7C}.Release-Windows|x86.ActiveCfg = Release|Any CPU
		{5335D016-DA57-4082-8D53-5DDB22D49A7C}.Release-Windows|x86.Build.0 = Release|Any CPU
		{5335D016-DA57-4082-8D53-5DDB22D49A7C}.Release-Windows|x86.Deploy.0 = Release|Any CPU
		{7BD60572-DF37-43EA-80C9-ED55DAADED4A}.Ad-Hoc|Any CPU.ActiveCfg = Release|Any CPU
		{7BD60572-DF37-43EA-80C9-ED55DAADED4A}.Ad-Hoc|Any CPU.Build.0 = Release|Any CPU
		{7BD60572-DF37-43EA-80C9-ED55DAADED4A}.Ad-Hoc|ARM.ActiveCfg = Debug|Any CPU
		{7BD60572-DF37-43EA-80C9-ED55DAADED4A}.Ad-Hoc|ARM.Build.0 = Debug|Any CPU
		{7BD60572-DF37-43EA-80C9-ED55DAADED4A}.Ad-Hoc|iPhone.ActiveCfg = Release|Any CPU
		{7BD60572-DF37-43EA-80C9-ED55DAADED4A}.Ad-Hoc|iPhone.Build.0 = Release|Any CPU
		{7BD60572-DF37-43EA-80C9-ED55DAADED4A}.Ad-Hoc|iPhoneSimulator.ActiveCfg = Release|Any CPU
		{7BD60572-DF37-43EA-80C9-ED55DAADED4A}.Ad-Hoc|iPhoneSimulator.Build.0 = Release|Any CPU
		{7BD60572-DF37-43EA-80C9-ED55DAADED4A}.Ad-Hoc|Mixed Platforms.ActiveCfg = Release|Any CPU
		{7BD60572-DF37-43EA-80C9-ED55DAADED4A}.Ad-Hoc|Mixed Platforms.Build.0 = Release|Any CPU
		{7BD60572-DF37-43EA-80C9-ED55DAADED4A}.Ad-Hoc|x64.ActiveCfg = Debug|Any CPU
		{7BD60572-DF37-43EA-80C9-ED55DAADED4A}.Ad-Hoc|x64.Build.0 = Debug|Any CPU
		{7BD60572-DF37-43EA-80C9-ED55DAADED4A}.Ad-Hoc|x86.ActiveCfg = Release|Any CPU
		{7BD60572-DF37-43EA-80C9-ED55DAADED4A}.Ad-Hoc|x86.Build.0 = Release|Any CPU
		{7BD60572-DF37-43EA-80C9-ED55DAADED4A}.AppStore|Any CPU.ActiveCfg = Release|Any CPU
		{7BD60572-DF37-43EA-80C9-ED55DAADED4A}.AppStore|Any CPU.Build.0 = Release|Any CPU
		{7BD60572-DF37-43EA-80C9-ED55DAADED4A}.AppStore|ARM.ActiveCfg = Debug|Any CPU
		{7BD60572-DF37-43EA-80C9-ED55DAADED4A}.AppStore|ARM.Build.0 = Debug|Any CPU
		{7BD60572-DF37-43EA-80C9-ED55DAADED4A}.AppStore|iPhone.ActiveCfg = Release|Any CPU
		{7BD60572-DF37-43EA-80C9-ED55DAADED4A}.AppStore|iPhone.Build.0 = Release|Any CPU
		{7BD60572-DF37-43EA-80C9-ED55DAADED4A}.AppStore|iPhoneSimulator.ActiveCfg = Release|Any CPU
		{7BD60572-DF37-43EA-80C9-ED55DAADED4A}.AppStore|iPhoneSimulator.Build.0 = Release|Any CPU
		{7BD60572-DF37-43EA-80C9-ED55DAADED4A}.AppStore|Mixed Platforms.ActiveCfg = Release|Any CPU
		{7BD60572-DF37-43EA-80C9-ED55DAADED4A}.AppStore|Mixed Platforms.Build.0 = Release|Any CPU
		{7BD60572-DF37-43EA-80C9-ED55DAADED4A}.AppStore|x64.ActiveCfg = Debug|Any CPU
		{7BD60572-DF37-43EA-80C9-ED55DAADED4A}.AppStore|x64.Build.0 = Debug|Any CPU
		{7BD60572-DF37-43EA-80C9-ED55DAADED4A}.AppStore|x86.ActiveCfg = Release|Any CPU
		{7BD60572-DF37-43EA-80C9-ED55DAADED4A}.AppStore|x86.Build.0 = Release|Any CPU
		{7BD60572-DF37-43EA-80C9-ED55DAADED4A}.Debug|Any CPU.ActiveCfg = Debug|Any CPU
		{7BD60572-DF37-43EA-80C9-ED55DAADED4A}.Debug|Any CPU.Build.0 = Debug|Any CPU
		{7BD60572-DF37-43EA-80C9-ED55DAADED4A}.Debug|ARM.ActiveCfg = Debug|Any CPU
		{7BD60572-DF37-43EA-80C9-ED55DAADED4A}.Debug|ARM.Build.0 = Debug|Any CPU
		{7BD60572-DF37-43EA-80C9-ED55DAADED4A}.Debug|iPhone.ActiveCfg = Debug|Any CPU
		{7BD60572-DF37-43EA-80C9-ED55DAADED4A}.Debug|iPhone.Build.0 = Debug|Any CPU
		{7BD60572-DF37-43EA-80C9-ED55DAADED4A}.Debug|iPhoneSimulator.ActiveCfg = Debug|Any CPU
		{7BD60572-DF37-43EA-80C9-ED55DAADED4A}.Debug|iPhoneSimulator.Build.0 = Debug|Any CPU
		{7BD60572-DF37-43EA-80C9-ED55DAADED4A}.Debug|Mixed Platforms.ActiveCfg = Debug|Any CPU
		{7BD60572-DF37-43EA-80C9-ED55DAADED4A}.Debug|Mixed Platforms.Build.0 = Debug|Any CPU
		{7BD60572-DF37-43EA-80C9-ED55DAADED4A}.Debug|x64.ActiveCfg = Debug|Any CPU
		{7BD60572-DF37-43EA-80C9-ED55DAADED4A}.Debug|x64.Build.0 = Debug|Any CPU
		{7BD60572-DF37-43EA-80C9-ED55DAADED4A}.Debug|x86.ActiveCfg = Debug|Any CPU
		{7BD60572-DF37-43EA-80C9-ED55DAADED4A}.Debug|x86.Build.0 = Debug|Any CPU
		{7BD60572-DF37-43EA-80C9-ED55DAADED4A}.Debug-Linux|Any CPU.ActiveCfg = Debug|Any CPU
		{7BD60572-DF37-43EA-80C9-ED55DAADED4A}.Debug-Linux|Any CPU.Build.0 = Debug|Any CPU
		{7BD60572-DF37-43EA-80C9-ED55DAADED4A}.Debug-Linux|ARM.ActiveCfg = Debug|Any CPU
		{7BD60572-DF37-43EA-80C9-ED55DAADED4A}.Debug-Linux|ARM.Build.0 = Debug|Any CPU
		{7BD60572-DF37-43EA-80C9-ED55DAADED4A}.Debug-Linux|iPhone.ActiveCfg = Debug|Any CPU
		{7BD60572-DF37-43EA-80C9-ED55DAADED4A}.Debug-Linux|iPhone.Build.0 = Debug|Any CPU
		{7BD60572-DF37-43EA-80C9-ED55DAADED4A}.Debug-Linux|iPhoneSimulator.ActiveCfg = Debug|Any CPU
		{7BD60572-DF37-43EA-80C9-ED55DAADED4A}.Debug-Linux|iPhoneSimulator.Build.0 = Debug|Any CPU
		{7BD60572-DF37-43EA-80C9-ED55DAADED4A}.Debug-Linux|Mixed Platforms.ActiveCfg = Debug|Any CPU
		{7BD60572-DF37-43EA-80C9-ED55DAADED4A}.Debug-Linux|Mixed Platforms.Build.0 = Debug|Any CPU
		{7BD60572-DF37-43EA-80C9-ED55DAADED4A}.Debug-Linux|x64.ActiveCfg = Debug|Any CPU
		{7BD60572-DF37-43EA-80C9-ED55DAADED4A}.Debug-Linux|x64.Build.0 = Debug|Any CPU
		{7BD60572-DF37-43EA-80C9-ED55DAADED4A}.Debug-Linux|x86.ActiveCfg = Debug|Any CPU
		{7BD60572-DF37-43EA-80C9-ED55DAADED4A}.Debug-Linux|x86.Build.0 = Debug|Any CPU
		{7BD60572-DF37-43EA-80C9-ED55DAADED4A}.Debug-Windows|Any CPU.ActiveCfg = Debug|Any CPU
		{7BD60572-DF37-43EA-80C9-ED55DAADED4A}.Debug-Windows|Any CPU.Build.0 = Debug|Any CPU
		{7BD60572-DF37-43EA-80C9-ED55DAADED4A}.Debug-Windows|ARM.ActiveCfg = Debug|Any CPU
		{7BD60572-DF37-43EA-80C9-ED55DAADED4A}.Debug-Windows|ARM.Build.0 = Debug|Any CPU
		{7BD60572-DF37-43EA-80C9-ED55DAADED4A}.Debug-Windows|iPhone.ActiveCfg = Debug|Any CPU
		{7BD60572-DF37-43EA-80C9-ED55DAADED4A}.Debug-Windows|iPhone.Build.0 = Debug|Any CPU
		{7BD60572-DF37-43EA-80C9-ED55DAADED4A}.Debug-Windows|iPhoneSimulator.ActiveCfg = Debug|Any CPU
		{7BD60572-DF37-43EA-80C9-ED55DAADED4A}.Debug-Windows|iPhoneSimulator.Build.0 = Debug|Any CPU
		{7BD60572-DF37-43EA-80C9-ED55DAADED4A}.Debug-Windows|Mixed Platforms.ActiveCfg = Debug|Any CPU
		{7BD60572-DF37-43EA-80C9-ED55DAADED4A}.Debug-Windows|Mixed Platforms.Build.0 = Debug|Any CPU
		{7BD60572-DF37-43EA-80C9-ED55DAADED4A}.Debug-Windows|x64.ActiveCfg = Debug|Any CPU
		{7BD60572-DF37-43EA-80C9-ED55DAADED4A}.Debug-Windows|x64.Build.0 = Debug|Any CPU
		{7BD60572-DF37-43EA-80C9-ED55DAADED4A}.Debug-Windows|x86.ActiveCfg = Debug|Any CPU
		{7BD60572-DF37-43EA-80C9-ED55DAADED4A}.Debug-Windows|x86.Build.0 = Debug|Any CPU
		{7BD60572-DF37-43EA-80C9-ED55DAADED4A}.Release|Any CPU.ActiveCfg = Release|Any CPU
		{7BD60572-DF37-43EA-80C9-ED55DAADED4A}.Release|Any CPU.Build.0 = Release|Any CPU
		{7BD60572-DF37-43EA-80C9-ED55DAADED4A}.Release|ARM.ActiveCfg = Release|Any CPU
		{7BD60572-DF37-43EA-80C9-ED55DAADED4A}.Release|ARM.Build.0 = Release|Any CPU
		{7BD60572-DF37-43EA-80C9-ED55DAADED4A}.Release|iPhone.ActiveCfg = Release|Any CPU
		{7BD60572-DF37-43EA-80C9-ED55DAADED4A}.Release|iPhone.Build.0 = Release|Any CPU
		{7BD60572-DF37-43EA-80C9-ED55DAADED4A}.Release|iPhoneSimulator.ActiveCfg = Release|Any CPU
		{7BD60572-DF37-43EA-80C9-ED55DAADED4A}.Release|iPhoneSimulator.Build.0 = Release|Any CPU
		{7BD60572-DF37-43EA-80C9-ED55DAADED4A}.Release|Mixed Platforms.ActiveCfg = Release|Any CPU
		{7BD60572-DF37-43EA-80C9-ED55DAADED4A}.Release|Mixed Platforms.Build.0 = Release|Any CPU
		{7BD60572-DF37-43EA-80C9-ED55DAADED4A}.Release|x64.ActiveCfg = Release|Any CPU
		{7BD60572-DF37-43EA-80C9-ED55DAADED4A}.Release|x64.Build.0 = Release|Any CPU
		{7BD60572-DF37-43EA-80C9-ED55DAADED4A}.Release|x86.ActiveCfg = Release|Any CPU
		{7BD60572-DF37-43EA-80C9-ED55DAADED4A}.Release|x86.Build.0 = Release|Any CPU
		{7BD60572-DF37-43EA-80C9-ED55DAADED4A}.Release-Linux|Any CPU.ActiveCfg = Release|Any CPU
		{7BD60572-DF37-43EA-80C9-ED55DAADED4A}.Release-Linux|Any CPU.Build.0 = Release|Any CPU
		{7BD60572-DF37-43EA-80C9-ED55DAADED4A}.Release-Linux|ARM.ActiveCfg = Release|Any CPU
		{7BD60572-DF37-43EA-80C9-ED55DAADED4A}.Release-Linux|ARM.Build.0 = Release|Any CPU
		{7BD60572-DF37-43EA-80C9-ED55DAADED4A}.Release-Linux|iPhone.ActiveCfg = Release|Any CPU
		{7BD60572-DF37-43EA-80C9-ED55DAADED4A}.Release-Linux|iPhone.Build.0 = Release|Any CPU
		{7BD60572-DF37-43EA-80C9-ED55DAADED4A}.Release-Linux|iPhoneSimulator.ActiveCfg = Release|Any CPU
		{7BD60572-DF37-43EA-80C9-ED55DAADED4A}.Release-Linux|iPhoneSimulator.Build.0 = Release|Any CPU
		{7BD60572-DF37-43EA-80C9-ED55DAADED4A}.Release-Linux|Mixed Platforms.ActiveCfg = Release|Any CPU
		{7BD60572-DF37-43EA-80C9-ED55DAADED4A}.Release-Linux|Mixed Platforms.Build.0 = Release|Any CPU
		{7BD60572-DF37-43EA-80C9-ED55DAADED4A}.Release-Linux|x64.ActiveCfg = Release|Any CPU
		{7BD60572-DF37-43EA-80C9-ED55DAADED4A}.Release-Linux|x64.Build.0 = Release|Any CPU
		{7BD60572-DF37-43EA-80C9-ED55DAADED4A}.Release-Linux|x86.ActiveCfg = Release|Any CPU
		{7BD60572-DF37-43EA-80C9-ED55DAADED4A}.Release-Linux|x86.Build.0 = Release|Any CPU
		{7BD60572-DF37-43EA-80C9-ED55DAADED4A}.Release-Windows|Any CPU.ActiveCfg = Release|Any CPU
		{7BD60572-DF37-43EA-80C9-ED55DAADED4A}.Release-Windows|Any CPU.Build.0 = Release|Any CPU
		{7BD60572-DF37-43EA-80C9-ED55DAADED4A}.Release-Windows|ARM.ActiveCfg = Release|Any CPU
		{7BD60572-DF37-43EA-80C9-ED55DAADED4A}.Release-Windows|ARM.Build.0 = Release|Any CPU
		{7BD60572-DF37-43EA-80C9-ED55DAADED4A}.Release-Windows|iPhone.ActiveCfg = Release|Any CPU
		{7BD60572-DF37-43EA-80C9-ED55DAADED4A}.Release-Windows|iPhone.Build.0 = Release|Any CPU
		{7BD60572-DF37-43EA-80C9-ED55DAADED4A}.Release-Windows|iPhoneSimulator.ActiveCfg = Release|Any CPU
		{7BD60572-DF37-43EA-80C9-ED55DAADED4A}.Release-Windows|iPhoneSimulator.Build.0 = Release|Any CPU
		{7BD60572-DF37-43EA-80C9-ED55DAADED4A}.Release-Windows|Mixed Platforms.ActiveCfg = Release|Any CPU
		{7BD60572-DF37-43EA-80C9-ED55DAADED4A}.Release-Windows|Mixed Platforms.Build.0 = Release|Any CPU
		{7BD60572-DF37-43EA-80C9-ED55DAADED4A}.Release-Windows|x64.ActiveCfg = Release|Any CPU
		{7BD60572-DF37-43EA-80C9-ED55DAADED4A}.Release-Windows|x64.Build.0 = Release|Any CPU
		{7BD60572-DF37-43EA-80C9-ED55DAADED4A}.Release-Windows|x86.ActiveCfg = Release|Any CPU
		{7BD60572-DF37-43EA-80C9-ED55DAADED4A}.Release-Windows|x86.Build.0 = Release|Any CPU
		{DC86AD09-462D-45B5-A7B0-DB373710C9EA}.Ad-Hoc|Any CPU.ActiveCfg = Ad-Hoc|iPhoneSimulator
		{DC86AD09-462D-45B5-A7B0-DB373710C9EA}.Ad-Hoc|ARM.ActiveCfg = Ad-Hoc|iPhone
		{DC86AD09-462D-45B5-A7B0-DB373710C9EA}.Ad-Hoc|iPhone.ActiveCfg = Ad-Hoc|iPhone
		{DC86AD09-462D-45B5-A7B0-DB373710C9EA}.Ad-Hoc|iPhone.Build.0 = Ad-Hoc|iPhone
		{DC86AD09-462D-45B5-A7B0-DB373710C9EA}.Ad-Hoc|iPhoneSimulator.ActiveCfg = Ad-Hoc|iPhoneSimulator
		{DC86AD09-462D-45B5-A7B0-DB373710C9EA}.Ad-Hoc|iPhoneSimulator.Build.0 = Ad-Hoc|iPhoneSimulator
		{DC86AD09-462D-45B5-A7B0-DB373710C9EA}.Ad-Hoc|Mixed Platforms.ActiveCfg = Ad-Hoc|iPhone
		{DC86AD09-462D-45B5-A7B0-DB373710C9EA}.Ad-Hoc|Mixed Platforms.Build.0 = Ad-Hoc|iPhone
		{DC86AD09-462D-45B5-A7B0-DB373710C9EA}.Ad-Hoc|x64.ActiveCfg = Ad-Hoc|iPhone
		{DC86AD09-462D-45B5-A7B0-DB373710C9EA}.Ad-Hoc|x86.ActiveCfg = Ad-Hoc|iPhone
		{DC86AD09-462D-45B5-A7B0-DB373710C9EA}.AppStore|Any CPU.ActiveCfg = AppStore|iPhoneSimulator
		{DC86AD09-462D-45B5-A7B0-DB373710C9EA}.AppStore|ARM.ActiveCfg = AppStore|iPhone
		{DC86AD09-462D-45B5-A7B0-DB373710C9EA}.AppStore|iPhone.ActiveCfg = AppStore|iPhone
		{DC86AD09-462D-45B5-A7B0-DB373710C9EA}.AppStore|iPhone.Build.0 = AppStore|iPhone
		{DC86AD09-462D-45B5-A7B0-DB373710C9EA}.AppStore|iPhoneSimulator.ActiveCfg = AppStore|iPhoneSimulator
		{DC86AD09-462D-45B5-A7B0-DB373710C9EA}.AppStore|iPhoneSimulator.Build.0 = AppStore|iPhoneSimulator
		{DC86AD09-462D-45B5-A7B0-DB373710C9EA}.AppStore|Mixed Platforms.ActiveCfg = AppStore|iPhone
		{DC86AD09-462D-45B5-A7B0-DB373710C9EA}.AppStore|Mixed Platforms.Build.0 = AppStore|iPhone
		{DC86AD09-462D-45B5-A7B0-DB373710C9EA}.AppStore|x64.ActiveCfg = AppStore|iPhone
		{DC86AD09-462D-45B5-A7B0-DB373710C9EA}.AppStore|x86.ActiveCfg = AppStore|iPhone
		{DC86AD09-462D-45B5-A7B0-DB373710C9EA}.Debug|Any CPU.ActiveCfg = Debug|iPhoneSimulator
		{DC86AD09-462D-45B5-A7B0-DB373710C9EA}.Debug|ARM.ActiveCfg = Debug|iPhone
		{DC86AD09-462D-45B5-A7B0-DB373710C9EA}.Debug|iPhone.ActiveCfg = Debug|iPhone
		{DC86AD09-462D-45B5-A7B0-DB373710C9EA}.Debug|iPhone.Build.0 = Debug|iPhone
		{DC86AD09-462D-45B5-A7B0-DB373710C9EA}.Debug|iPhoneSimulator.ActiveCfg = Debug|iPhoneSimulator
		{DC86AD09-462D-45B5-A7B0-DB373710C9EA}.Debug|iPhoneSimulator.Build.0 = Debug|iPhoneSimulator
		{DC86AD09-462D-45B5-A7B0-DB373710C9EA}.Debug|Mixed Platforms.ActiveCfg = Debug|iPhone
		{DC86AD09-462D-45B5-A7B0-DB373710C9EA}.Debug|Mixed Platforms.Build.0 = Debug|iPhone
		{DC86AD09-462D-45B5-A7B0-DB373710C9EA}.Debug|x64.ActiveCfg = Debug|iPhone
		{DC86AD09-462D-45B5-A7B0-DB373710C9EA}.Debug|x86.ActiveCfg = Debug|iPhone
		{DC86AD09-462D-45B5-A7B0-DB373710C9EA}.Debug-Linux|Any CPU.ActiveCfg = AppStore|iPhoneSimulator
		{DC86AD09-462D-45B5-A7B0-DB373710C9EA}.Debug-Linux|Any CPU.Build.0 = AppStore|iPhoneSimulator
		{DC86AD09-462D-45B5-A7B0-DB373710C9EA}.Debug-Linux|ARM.ActiveCfg = Release|iPhone
		{DC86AD09-462D-45B5-A7B0-DB373710C9EA}.Debug-Linux|ARM.Build.0 = Release|iPhone
		{DC86AD09-462D-45B5-A7B0-DB373710C9EA}.Debug-Linux|iPhone.ActiveCfg = Debug|iPhone
		{DC86AD09-462D-45B5-A7B0-DB373710C9EA}.Debug-Linux|iPhone.Build.0 = Debug|iPhone
		{DC86AD09-462D-45B5-A7B0-DB373710C9EA}.Debug-Linux|iPhoneSimulator.ActiveCfg = Debug|iPhoneSimulator
		{DC86AD09-462D-45B5-A7B0-DB373710C9EA}.Debug-Linux|iPhoneSimulator.Build.0 = Debug|iPhoneSimulator
		{DC86AD09-462D-45B5-A7B0-DB373710C9EA}.Debug-Linux|Mixed Platforms.ActiveCfg = Debug|iPhone
		{DC86AD09-462D-45B5-A7B0-DB373710C9EA}.Debug-Linux|Mixed Platforms.Build.0 = Debug|iPhone
		{DC86AD09-462D-45B5-A7B0-DB373710C9EA}.Debug-Linux|x64.ActiveCfg = Release|iPhone
		{DC86AD09-462D-45B5-A7B0-DB373710C9EA}.Debug-Linux|x64.Build.0 = Release|iPhone
		{DC86AD09-462D-45B5-A7B0-DB373710C9EA}.Debug-Linux|x86.ActiveCfg = AppStore|iPhone
		{DC86AD09-462D-45B5-A7B0-DB373710C9EA}.Debug-Linux|x86.Build.0 = AppStore|iPhone
		{DC86AD09-462D-45B5-A7B0-DB373710C9EA}.Debug-Windows|Any CPU.ActiveCfg = AppStore|iPhoneSimulator
		{DC86AD09-462D-45B5-A7B0-DB373710C9EA}.Debug-Windows|Any CPU.Build.0 = AppStore|iPhoneSimulator
		{DC86AD09-462D-45B5-A7B0-DB373710C9EA}.Debug-Windows|ARM.ActiveCfg = Release|iPhone
		{DC86AD09-462D-45B5-A7B0-DB373710C9EA}.Debug-Windows|ARM.Build.0 = Release|iPhone
		{DC86AD09-462D-45B5-A7B0-DB373710C9EA}.Debug-Windows|iPhone.ActiveCfg = Debug|iPhone
		{DC86AD09-462D-45B5-A7B0-DB373710C9EA}.Debug-Windows|iPhone.Build.0 = Debug|iPhone
		{DC86AD09-462D-45B5-A7B0-DB373710C9EA}.Debug-Windows|iPhoneSimulator.ActiveCfg = Debug|iPhoneSimulator
		{DC86AD09-462D-45B5-A7B0-DB373710C9EA}.Debug-Windows|iPhoneSimulator.Build.0 = Debug|iPhoneSimulator
		{DC86AD09-462D-45B5-A7B0-DB373710C9EA}.Debug-Windows|Mixed Platforms.ActiveCfg = Debug|iPhone
		{DC86AD09-462D-45B5-A7B0-DB373710C9EA}.Debug-Windows|Mixed Platforms.Build.0 = Debug|iPhone
		{DC86AD09-462D-45B5-A7B0-DB373710C9EA}.Debug-Windows|x64.ActiveCfg = Release|iPhone
		{DC86AD09-462D-45B5-A7B0-DB373710C9EA}.Debug-Windows|x64.Build.0 = Release|iPhone
		{DC86AD09-462D-45B5-A7B0-DB373710C9EA}.Debug-Windows|x86.ActiveCfg = AppStore|iPhone
		{DC86AD09-462D-45B5-A7B0-DB373710C9EA}.Debug-Windows|x86.Build.0 = AppStore|iPhone
		{DC86AD09-462D-45B5-A7B0-DB373710C9EA}.Release|Any CPU.ActiveCfg = Release|iPhoneSimulator
		{DC86AD09-462D-45B5-A7B0-DB373710C9EA}.Release|ARM.ActiveCfg = Release|iPhone
		{DC86AD09-462D-45B5-A7B0-DB373710C9EA}.Release|iPhone.ActiveCfg = Release|iPhone
		{DC86AD09-462D-45B5-A7B0-DB373710C9EA}.Release|iPhone.Build.0 = Release|iPhone
		{DC86AD09-462D-45B5-A7B0-DB373710C9EA}.Release|iPhoneSimulator.ActiveCfg = Release|iPhoneSimulator
		{DC86AD09-462D-45B5-A7B0-DB373710C9EA}.Release|iPhoneSimulator.Build.0 = Release|iPhoneSimulator
		{DC86AD09-462D-45B5-A7B0-DB373710C9EA}.Release|Mixed Platforms.ActiveCfg = Release|iPhone
		{DC86AD09-462D-45B5-A7B0-DB373710C9EA}.Release|Mixed Platforms.Build.0 = Release|iPhone
		{DC86AD09-462D-45B5-A7B0-DB373710C9EA}.Release|x64.ActiveCfg = Release|iPhone
		{DC86AD09-462D-45B5-A7B0-DB373710C9EA}.Release|x86.ActiveCfg = Release|iPhone
		{DC86AD09-462D-45B5-A7B0-DB373710C9EA}.Release-Linux|Any CPU.ActiveCfg = AppStore|iPhoneSimulator
		{DC86AD09-462D-45B5-A7B0-DB373710C9EA}.Release-Linux|Any CPU.Build.0 = AppStore|iPhoneSimulator
		{DC86AD09-462D-45B5-A7B0-DB373710C9EA}.Release-Linux|ARM.ActiveCfg = Release|iPhone
		{DC86AD09-462D-45B5-A7B0-DB373710C9EA}.Release-Linux|ARM.Build.0 = Release|iPhone
		{DC86AD09-462D-45B5-A7B0-DB373710C9EA}.Release-Linux|iPhone.ActiveCfg = Release|iPhone
		{DC86AD09-462D-45B5-A7B0-DB373710C9EA}.Release-Linux|iPhone.Build.0 = Release|iPhone
		{DC86AD09-462D-45B5-A7B0-DB373710C9EA}.Release-Linux|iPhoneSimulator.ActiveCfg = Release|iPhoneSimulator
		{DC86AD09-462D-45B5-A7B0-DB373710C9EA}.Release-Linux|iPhoneSimulator.Build.0 = Release|iPhoneSimulator
		{DC86AD09-462D-45B5-A7B0-DB373710C9EA}.Release-Linux|Mixed Platforms.ActiveCfg = Release|iPhone
		{DC86AD09-462D-45B5-A7B0-DB373710C9EA}.Release-Linux|Mixed Platforms.Build.0 = Release|iPhone
		{DC86AD09-462D-45B5-A7B0-DB373710C9EA}.Release-Linux|x64.ActiveCfg = Release|iPhone
		{DC86AD09-462D-45B5-A7B0-DB373710C9EA}.Release-Linux|x64.Build.0 = Release|iPhone
		{DC86AD09-462D-45B5-A7B0-DB373710C9EA}.Release-Linux|x86.ActiveCfg = AppStore|iPhone
		{DC86AD09-462D-45B5-A7B0-DB373710C9EA}.Release-Linux|x86.Build.0 = AppStore|iPhone
		{DC86AD09-462D-45B5-A7B0-DB373710C9EA}.Release-Windows|Any CPU.ActiveCfg = AppStore|iPhoneSimulator
		{DC86AD09-462D-45B5-A7B0-DB373710C9EA}.Release-Windows|Any CPU.Build.0 = AppStore|iPhoneSimulator
		{DC86AD09-462D-45B5-A7B0-DB373710C9EA}.Release-Windows|ARM.ActiveCfg = Release|iPhone
		{DC86AD09-462D-45B5-A7B0-DB373710C9EA}.Release-Windows|ARM.Build.0 = Release|iPhone
		{DC86AD09-462D-45B5-A7B0-DB373710C9EA}.Release-Windows|iPhone.ActiveCfg = Release|iPhone
		{DC86AD09-462D-45B5-A7B0-DB373710C9EA}.Release-Windows|iPhone.Build.0 = Release|iPhone
		{DC86AD09-462D-45B5-A7B0-DB373710C9EA}.Release-Windows|iPhoneSimulator.ActiveCfg = Release|iPhoneSimulator
		{DC86AD09-462D-45B5-A7B0-DB373710C9EA}.Release-Windows|iPhoneSimulator.Build.0 = Release|iPhoneSimulator
		{DC86AD09-462D-45B5-A7B0-DB373710C9EA}.Release-Windows|Mixed Platforms.ActiveCfg = Release|iPhone
		{DC86AD09-462D-45B5-A7B0-DB373710C9EA}.Release-Windows|Mixed Platforms.Build.0 = Release|iPhone
		{DC86AD09-462D-45B5-A7B0-DB373710C9EA}.Release-Windows|x64.ActiveCfg = Release|iPhone
		{DC86AD09-462D-45B5-A7B0-DB373710C9EA}.Release-Windows|x64.Build.0 = Release|iPhone
		{DC86AD09-462D-45B5-A7B0-DB373710C9EA}.Release-Windows|x86.ActiveCfg = AppStore|iPhone
		{DC86AD09-462D-45B5-A7B0-DB373710C9EA}.Release-Windows|x86.Build.0 = AppStore|iPhone
		{98CD94A1-ED65-44F3-9A19-CD95A754BA8F}.Ad-Hoc|Any CPU.ActiveCfg = Release|Any CPU
		{98CD94A1-ED65-44F3-9A19-CD95A754BA8F}.Ad-Hoc|Any CPU.Build.0 = Release|Any CPU
		{98CD94A1-ED65-44F3-9A19-CD95A754BA8F}.Ad-Hoc|ARM.ActiveCfg = Release|Any CPU
		{98CD94A1-ED65-44F3-9A19-CD95A754BA8F}.Ad-Hoc|ARM.Build.0 = Release|Any CPU
		{98CD94A1-ED65-44F3-9A19-CD95A754BA8F}.Ad-Hoc|iPhone.ActiveCfg = Release|Any CPU
		{98CD94A1-ED65-44F3-9A19-CD95A754BA8F}.Ad-Hoc|iPhone.Build.0 = Release|Any CPU
		{98CD94A1-ED65-44F3-9A19-CD95A754BA8F}.Ad-Hoc|iPhoneSimulator.ActiveCfg = Release|Any CPU
		{98CD94A1-ED65-44F3-9A19-CD95A754BA8F}.Ad-Hoc|iPhoneSimulator.Build.0 = Release|Any CPU
		{98CD94A1-ED65-44F3-9A19-CD95A754BA8F}.Ad-Hoc|Mixed Platforms.ActiveCfg = Release|Any CPU
		{98CD94A1-ED65-44F3-9A19-CD95A754BA8F}.Ad-Hoc|Mixed Platforms.Build.0 = Release|Any CPU
		{98CD94A1-ED65-44F3-9A19-CD95A754BA8F}.Ad-Hoc|x64.ActiveCfg = Release|Any CPU
		{98CD94A1-ED65-44F3-9A19-CD95A754BA8F}.Ad-Hoc|x64.Build.0 = Release|Any CPU
		{98CD94A1-ED65-44F3-9A19-CD95A754BA8F}.Ad-Hoc|x86.ActiveCfg = Release|Any CPU
		{98CD94A1-ED65-44F3-9A19-CD95A754BA8F}.Ad-Hoc|x86.Build.0 = Release|Any CPU
		{98CD94A1-ED65-44F3-9A19-CD95A754BA8F}.AppStore|Any CPU.ActiveCfg = Release|Any CPU
		{98CD94A1-ED65-44F3-9A19-CD95A754BA8F}.AppStore|Any CPU.Build.0 = Release|Any CPU
		{98CD94A1-ED65-44F3-9A19-CD95A754BA8F}.AppStore|ARM.ActiveCfg = Release|Any CPU
		{98CD94A1-ED65-44F3-9A19-CD95A754BA8F}.AppStore|ARM.Build.0 = Release|Any CPU
		{98CD94A1-ED65-44F3-9A19-CD95A754BA8F}.AppStore|iPhone.ActiveCfg = Release|Any CPU
		{98CD94A1-ED65-44F3-9A19-CD95A754BA8F}.AppStore|iPhone.Build.0 = Release|Any CPU
		{98CD94A1-ED65-44F3-9A19-CD95A754BA8F}.AppStore|iPhoneSimulator.ActiveCfg = Release|Any CPU
		{98CD94A1-ED65-44F3-9A19-CD95A754BA8F}.AppStore|iPhoneSimulator.Build.0 = Release|Any CPU
		{98CD94A1-ED65-44F3-9A19-CD95A754BA8F}.AppStore|Mixed Platforms.ActiveCfg = Release|Any CPU
		{98CD94A1-ED65-44F3-9A19-CD95A754BA8F}.AppStore|Mixed Platforms.Build.0 = Release|Any CPU
		{98CD94A1-ED65-44F3-9A19-CD95A754BA8F}.AppStore|x64.ActiveCfg = Release|Any CPU
		{98CD94A1-ED65-44F3-9A19-CD95A754BA8F}.AppStore|x64.Build.0 = Release|Any CPU
		{98CD94A1-ED65-44F3-9A19-CD95A754BA8F}.AppStore|x86.ActiveCfg = Release|Any CPU
		{98CD94A1-ED65-44F3-9A19-CD95A754BA8F}.AppStore|x86.Build.0 = Release|Any CPU
		{98CD94A1-ED65-44F3-9A19-CD95A754BA8F}.Debug|Any CPU.ActiveCfg = Debug|Any CPU
		{98CD94A1-ED65-44F3-9A19-CD95A754BA8F}.Debug|Any CPU.Build.0 = Debug|Any CPU
		{98CD94A1-ED65-44F3-9A19-CD95A754BA8F}.Debug|ARM.ActiveCfg = Debug|Any CPU
		{98CD94A1-ED65-44F3-9A19-CD95A754BA8F}.Debug|ARM.Build.0 = Debug|Any CPU
		{98CD94A1-ED65-44F3-9A19-CD95A754BA8F}.Debug|iPhone.ActiveCfg = Debug|Any CPU
		{98CD94A1-ED65-44F3-9A19-CD95A754BA8F}.Debug|iPhone.Build.0 = Debug|Any CPU
		{98CD94A1-ED65-44F3-9A19-CD95A754BA8F}.Debug|iPhoneSimulator.ActiveCfg = Debug|Any CPU
		{98CD94A1-ED65-44F3-9A19-CD95A754BA8F}.Debug|iPhoneSimulator.Build.0 = Debug|Any CPU
		{98CD94A1-ED65-44F3-9A19-CD95A754BA8F}.Debug|Mixed Platforms.ActiveCfg = Debug|Any CPU
		{98CD94A1-ED65-44F3-9A19-CD95A754BA8F}.Debug|Mixed Platforms.Build.0 = Debug|Any CPU
		{98CD94A1-ED65-44F3-9A19-CD95A754BA8F}.Debug|x64.ActiveCfg = Debug|Any CPU
		{98CD94A1-ED65-44F3-9A19-CD95A754BA8F}.Debug|x64.Build.0 = Debug|Any CPU
		{98CD94A1-ED65-44F3-9A19-CD95A754BA8F}.Debug|x86.ActiveCfg = Debug|Any CPU
		{98CD94A1-ED65-44F3-9A19-CD95A754BA8F}.Debug|x86.Build.0 = Debug|Any CPU
		{98CD94A1-ED65-44F3-9A19-CD95A754BA8F}.Debug-Linux|Any CPU.ActiveCfg = Debug|Any CPU
		{98CD94A1-ED65-44F3-9A19-CD95A754BA8F}.Debug-Linux|Any CPU.Build.0 = Debug|Any CPU
		{98CD94A1-ED65-44F3-9A19-CD95A754BA8F}.Debug-Linux|ARM.ActiveCfg = Debug|Any CPU
		{98CD94A1-ED65-44F3-9A19-CD95A754BA8F}.Debug-Linux|ARM.Build.0 = Debug|Any CPU
		{98CD94A1-ED65-44F3-9A19-CD95A754BA8F}.Debug-Linux|iPhone.ActiveCfg = Debug|Any CPU
		{98CD94A1-ED65-44F3-9A19-CD95A754BA8F}.Debug-Linux|iPhone.Build.0 = Debug|Any CPU
		{98CD94A1-ED65-44F3-9A19-CD95A754BA8F}.Debug-Linux|iPhoneSimulator.ActiveCfg = Debug|Any CPU
		{98CD94A1-ED65-44F3-9A19-CD95A754BA8F}.Debug-Linux|iPhoneSimulator.Build.0 = Debug|Any CPU
		{98CD94A1-ED65-44F3-9A19-CD95A754BA8F}.Debug-Linux|Mixed Platforms.ActiveCfg = Debug|Any CPU
		{98CD94A1-ED65-44F3-9A19-CD95A754BA8F}.Debug-Linux|Mixed Platforms.Build.0 = Debug|Any CPU
		{98CD94A1-ED65-44F3-9A19-CD95A754BA8F}.Debug-Linux|x64.ActiveCfg = Debug|Any CPU
		{98CD94A1-ED65-44F3-9A19-CD95A754BA8F}.Debug-Linux|x64.Build.0 = Debug|Any CPU
		{98CD94A1-ED65-44F3-9A19-CD95A754BA8F}.Debug-Linux|x86.ActiveCfg = Debug|Any CPU
		{98CD94A1-ED65-44F3-9A19-CD95A754BA8F}.Debug-Linux|x86.Build.0 = Debug|Any CPU
		{98CD94A1-ED65-44F3-9A19-CD95A754BA8F}.Debug-Windows|Any CPU.ActiveCfg = Debug|Any CPU
		{98CD94A1-ED65-44F3-9A19-CD95A754BA8F}.Debug-Windows|Any CPU.Build.0 = Debug|Any CPU
		{98CD94A1-ED65-44F3-9A19-CD95A754BA8F}.Debug-Windows|ARM.ActiveCfg = Debug|Any CPU
		{98CD94A1-ED65-44F3-9A19-CD95A754BA8F}.Debug-Windows|ARM.Build.0 = Debug|Any CPU
		{98CD94A1-ED65-44F3-9A19-CD95A754BA8F}.Debug-Windows|iPhone.ActiveCfg = Debug|Any CPU
		{98CD94A1-ED65-44F3-9A19-CD95A754BA8F}.Debug-Windows|iPhone.Build.0 = Debug|Any CPU
		{98CD94A1-ED65-44F3-9A19-CD95A754BA8F}.Debug-Windows|iPhoneSimulator.ActiveCfg = Debug|Any CPU
		{98CD94A1-ED65-44F3-9A19-CD95A754BA8F}.Debug-Windows|iPhoneSimulator.Build.0 = Debug|Any CPU
		{98CD94A1-ED65-44F3-9A19-CD95A754BA8F}.Debug-Windows|Mixed Platforms.ActiveCfg = Debug|Any CPU
		{98CD94A1-ED65-44F3-9A19-CD95A754BA8F}.Debug-Windows|Mixed Platforms.Build.0 = Debug|Any CPU
		{98CD94A1-ED65-44F3-9A19-CD95A754BA8F}.Debug-Windows|x64.ActiveCfg = Debug|Any CPU
		{98CD94A1-ED65-44F3-9A19-CD95A754BA8F}.Debug-Windows|x64.Build.0 = Debug|Any CPU
		{98CD94A1-ED65-44F3-9A19-CD95A754BA8F}.Debug-Windows|x86.ActiveCfg = Debug|Any CPU
		{98CD94A1-ED65-44F3-9A19-CD95A754BA8F}.Debug-Windows|x86.Build.0 = Debug|Any CPU
		{98CD94A1-ED65-44F3-9A19-CD95A754BA8F}.Release|Any CPU.ActiveCfg = Release|Any CPU
		{98CD94A1-ED65-44F3-9A19-CD95A754BA8F}.Release|Any CPU.Build.0 = Release|Any CPU
		{98CD94A1-ED65-44F3-9A19-CD95A754BA8F}.Release|ARM.ActiveCfg = Release|Any CPU
		{98CD94A1-ED65-44F3-9A19-CD95A754BA8F}.Release|ARM.Build.0 = Release|Any CPU
		{98CD94A1-ED65-44F3-9A19-CD95A754BA8F}.Release|iPhone.ActiveCfg = Release|Any CPU
		{98CD94A1-ED65-44F3-9A19-CD95A754BA8F}.Release|iPhone.Build.0 = Release|Any CPU
		{98CD94A1-ED65-44F3-9A19-CD95A754BA8F}.Release|iPhoneSimulator.ActiveCfg = Release|Any CPU
		{98CD94A1-ED65-44F3-9A19-CD95A754BA8F}.Release|iPhoneSimulator.Build.0 = Release|Any CPU
		{98CD94A1-ED65-44F3-9A19-CD95A754BA8F}.Release|Mixed Platforms.ActiveCfg = Release|Any CPU
		{98CD94A1-ED65-44F3-9A19-CD95A754BA8F}.Release|Mixed Platforms.Build.0 = Release|Any CPU
		{98CD94A1-ED65-44F3-9A19-CD95A754BA8F}.Release|x64.ActiveCfg = Release|Any CPU
		{98CD94A1-ED65-44F3-9A19-CD95A754BA8F}.Release|x64.Build.0 = Release|Any CPU
		{98CD94A1-ED65-44F3-9A19-CD95A754BA8F}.Release|x86.ActiveCfg = Release|Any CPU
		{98CD94A1-ED65-44F3-9A19-CD95A754BA8F}.Release|x86.Build.0 = Release|Any CPU
		{98CD94A1-ED65-44F3-9A19-CD95A754BA8F}.Release-Linux|Any CPU.ActiveCfg = Release|Any CPU
		{98CD94A1-ED65-44F3-9A19-CD95A754BA8F}.Release-Linux|Any CPU.Build.0 = Release|Any CPU
		{98CD94A1-ED65-44F3-9A19-CD95A754BA8F}.Release-Linux|ARM.ActiveCfg = Release|Any CPU
		{98CD94A1-ED65-44F3-9A19-CD95A754BA8F}.Release-Linux|ARM.Build.0 = Release|Any CPU
		{98CD94A1-ED65-44F3-9A19-CD95A754BA8F}.Release-Linux|iPhone.ActiveCfg = Release|Any CPU
		{98CD94A1-ED65-44F3-9A19-CD95A754BA8F}.Release-Linux|iPhone.Build.0 = Release|Any CPU
		{98CD94A1-ED65-44F3-9A19-CD95A754BA8F}.Release-Linux|iPhoneSimulator.ActiveCfg = Release|Any CPU
		{98CD94A1-ED65-44F3-9A19-CD95A754BA8F}.Release-Linux|iPhoneSimulator.Build.0 = Release|Any CPU
		{98CD94A1-ED65-44F3-9A19-CD95A754BA8F}.Release-Linux|Mixed Platforms.ActiveCfg = Release|Any CPU
		{98CD94A1-ED65-44F3-9A19-CD95A754BA8F}.Release-Linux|Mixed Platforms.Build.0 = Release|Any CPU
		{98CD94A1-ED65-44F3-9A19-CD95A754BA8F}.Release-Linux|x64.ActiveCfg = Release|Any CPU
		{98CD94A1-ED65-44F3-9A19-CD95A754BA8F}.Release-Linux|x64.Build.0 = Release|Any CPU
		{98CD94A1-ED65-44F3-9A19-CD95A754BA8F}.Release-Linux|x86.ActiveCfg = Release|Any CPU
		{98CD94A1-ED65-44F3-9A19-CD95A754BA8F}.Release-Linux|x86.Build.0 = Release|Any CPU
		{98CD94A1-ED65-44F3-9A19-CD95A754BA8F}.Release-Windows|Any CPU.ActiveCfg = Release|Any CPU
		{98CD94A1-ED65-44F3-9A19-CD95A754BA8F}.Release-Windows|Any CPU.Build.0 = Release|Any CPU
		{98CD94A1-ED65-44F3-9A19-CD95A754BA8F}.Release-Windows|ARM.ActiveCfg = Release|Any CPU
		{98CD94A1-ED65-44F3-9A19-CD95A754BA8F}.Release-Windows|ARM.Build.0 = Release|Any CPU
		{98CD94A1-ED65-44F3-9A19-CD95A754BA8F}.Release-Windows|iPhone.ActiveCfg = Release|Any CPU
		{98CD94A1-ED65-44F3-9A19-CD95A754BA8F}.Release-Windows|iPhone.Build.0 = Release|Any CPU
		{98CD94A1-ED65-44F3-9A19-CD95A754BA8F}.Release-Windows|iPhoneSimulator.ActiveCfg = Release|Any CPU
		{98CD94A1-ED65-44F3-9A19-CD95A754BA8F}.Release-Windows|iPhoneSimulator.Build.0 = Release|Any CPU
		{98CD94A1-ED65-44F3-9A19-CD95A754BA8F}.Release-Windows|Mixed Platforms.ActiveCfg = Release|Any CPU
		{98CD94A1-ED65-44F3-9A19-CD95A754BA8F}.Release-Windows|Mixed Platforms.Build.0 = Release|Any CPU
		{98CD94A1-ED65-44F3-9A19-CD95A754BA8F}.Release-Windows|x64.ActiveCfg = Release|Any CPU
		{98CD94A1-ED65-44F3-9A19-CD95A754BA8F}.Release-Windows|x64.Build.0 = Release|Any CPU
		{98CD94A1-ED65-44F3-9A19-CD95A754BA8F}.Release-Windows|x86.ActiveCfg = Release|Any CPU
		{98CD94A1-ED65-44F3-9A19-CD95A754BA8F}.Release-Windows|x86.Build.0 = Release|Any CPU
	EndGlobalSection
	GlobalSection(SolutionProperties) = preSolution
		HideSolutionNode = FALSE
	EndGlobalSection
	GlobalSection(ExtensibilityGlobals) = postSolution
		SolutionGuid = {9AC96DC3-1925-40CD-AE4E-68AC224A4C47}
	EndGlobalSection
EndGlobal
